// !$*UTF8*$!
{
	archiveVersion = 1;
	classes = {
	};
	objectVersion = 50;
	objects = {

/* Begin PBXBuildFile section */
		0707922A2392438B00F728BC /* Session.swift in Sources */ = {isa = PBXBuildFile; fileRef = 070792292392438B00F728BC /* Session.swift */; };
		071097E72358E50100932A4E /* AppDelegate.swift in Sources */ = {isa = PBXBuildFile; fileRef = 071097E62358E50100932A4E /* AppDelegate.swift */; };
		071097E92358E50100932A4E /* SceneDelegate.swift in Sources */ = {isa = PBXBuildFile; fileRef = 071097E82358E50100932A4E /* SceneDelegate.swift */; };
		071097F02358E50300932A4E /* Assets.xcassets in Resources */ = {isa = PBXBuildFile; fileRef = 071097EF2358E50300932A4E /* Assets.xcassets */; };
		071097F32358E50300932A4E /* LaunchScreen.storyboard in Resources */ = {isa = PBXBuildFile; fileRef = 071097F12358E50300932A4E /* LaunchScreen.storyboard */; };
		071098012358EA2B00932A4E /* LoginFormController.swift in Sources */ = {isa = PBXBuildFile; fileRef = 071098002358EA2B00932A4E /* LoginFormController.swift */; };
		07326D2F2375744800548A86 /* FriendsCellProto.swift in Sources */ = {isa = PBXBuildFile; fileRef = 07326D2D2375744800548A86 /* FriendsCellProto.swift */; };
		07326D302375744800548A86 /* FriendsCellProto.xib in Resources */ = {isa = PBXBuildFile; fileRef = 07326D2E2375744800548A86 /* FriendsCellProto.xib */; };
		07326D372376F63F00548A86 /* NewsTableCell.swift in Sources */ = {isa = PBXBuildFile; fileRef = 07326D352376F63E00548A86 /* NewsTableCell.swift */; };
		07326D382376F63F00548A86 /* NewsTableCell.xib in Resources */ = {isa = PBXBuildFile; fileRef = 07326D362376F63F00548A86 /* NewsTableCell.xib */; };
		07326D3B2376FDEE00548A86 /* NewsFormController.swift in Sources */ = {isa = PBXBuildFile; fileRef = 07326D3A2376FDEE00548A86 /* NewsFormController.swift */; };
		07572FD72389828100AB8E01 /* Animator.swift in Sources */ = {isa = PBXBuildFile; fileRef = 07572FD62389828100AB8E01 /* Animator.swift */; };
		07572FD92389857000AB8E01 /* CustomNavigationController.swift in Sources */ = {isa = PBXBuildFile; fileRef = 07572FD82389857000AB8E01 /* CustomNavigationController.swift */; };
		0769B0F623645F8D0016E6D8 /* Groups.swift in Sources */ = {isa = PBXBuildFile; fileRef = 0769B0F523645F8D0016E6D8 /* Groups.swift */; };
		0769B0FA236460FE0016E6D8 /* GroupsCell.swift in Sources */ = {isa = PBXBuildFile; fileRef = 0769B0F9236460FE0016E6D8 /* GroupsCell.swift */; };
		0769B0FC23646C8D0016E6D8 /* AllGroupsController.swift in Sources */ = {isa = PBXBuildFile; fileRef = 0769B0FB23646C8D0016E6D8 /* AllGroupsController.swift */; };
		0769B0FE23646D280016E6D8 /* AllGroupCell.swift in Sources */ = {isa = PBXBuildFile; fileRef = 0769B0FD23646D280016E6D8 /* AllGroupCell.swift */; };
		0773D3602371BD85006AFAA3 /* FriendsSearchControl.swift in Sources */ = {isa = PBXBuildFile; fileRef = 0773D35F2371BD85006AFAA3 /* FriendsSearchControl.swift */; };
		0779F55E236EA77B008E0A51 /* AvatarView.swift in Sources */ = {isa = PBXBuildFile; fileRef = 0779F55D236EA77B008E0A51 /* AvatarView.swift */; };
		0788EE38236341C500379186 /* Friends.swift in Sources */ = {isa = PBXBuildFile; fileRef = 0788EE37236341C500379186 /* Friends.swift */; };
		0788EE3B23634A0A00379186 /* FriendsPhotoController.swift in Sources */ = {isa = PBXBuildFile; fileRef = 0788EE3A23634A0A00379186 /* FriendsPhotoController.swift */; };
		0793234B236228B400394647 /* GroupsController.swift in Sources */ = {isa = PBXBuildFile; fileRef = 0793234A236228B400394647 /* GroupsController.swift */; };
		07A956A923620D120065741F /* Main.storyboard in Resources */ = {isa = PBXBuildFile; fileRef = 07A956A823620D120065741F /* Main.storyboard */; };
		07C3721D2377115600828D30 /* News.swift in Sources */ = {isa = PBXBuildFile; fileRef = 07C3721C2377115600828D30 /* News.swift */; };
		07C3721F23773A6400828D30 /* FriendsFormController.swift in Sources */ = {isa = PBXBuildFile; fileRef = 07C3721E23773A6400828D30 /* FriendsFormController.swift */; };
		07E1338C236EF80500FCC49B /* LikeControl.swift in Sources */ = {isa = PBXBuildFile; fileRef = 07E1338B236EF80500FCC49B /* LikeControl.swift */; };
		07E419C02360678A00EF92E6 /* UIViewController+Ext.swift in Sources */ = {isa = PBXBuildFile; fileRef = 07E419BF2360678A00EF92E6 /* UIViewController+Ext.swift */; };
		07F8E9B7238193B30049B352 /* BigPhotosController.swift in Sources */ = {isa = PBXBuildFile; fileRef = 07F8E9B6238193B30049B352 /* BigPhotosController.swift */; };
		07F93DDA23644C4700F6B3B0 /* Default-568h@2x.png in Resources */ = {isa = PBXBuildFile; fileRef = 07F93DD923644C4700F6B3B0 /* Default-568h@2x.png */; };
		07F93DDD23644C7F00F6B3B0 /* FriendPhotosCell.swift in Sources */ = {isa = PBXBuildFile; fileRef = 07F93DDC23644C7F00F6B3B0 /* FriendPhotosCell.swift */; };
		07F99D2A237B3DE4002E87ED /* LoadingViewControl.swift in Sources */ = {isa = PBXBuildFile; fileRef = 07F99D29237B3DE4002E87ED /* LoadingViewControl.swift */; };
		BF220BF68C6EB8C51A877C4F /* Pods_weather.framework in Frameworks */ = {isa = PBXBuildFile; fileRef = B9A3C7010549AA882A5DAEAC /* Pods_weather.framework */; };
/* End PBXBuildFile section */

/* Begin PBXFileReference section */
		070792292392438B00F728BC /* Session.swift */ = {isa = PBXFileReference; lastKnownFileType = sourcecode.swift; path = Session.swift; sourceTree = "<group>"; };
		071097E32358E50100932A4E /* vkapp.app */ = {isa = PBXFileReference; explicitFileType = wrapper.application; includeInIndex = 0; path = vkapp.app; sourceTree = BUILT_PRODUCTS_DIR; };
		071097E62358E50100932A4E /* AppDelegate.swift */ = {isa = PBXFileReference; lastKnownFileType = sourcecode.swift; path = AppDelegate.swift; sourceTree = "<group>"; };
		071097E82358E50100932A4E /* SceneDelegate.swift */ = {isa = PBXFileReference; lastKnownFileType = sourcecode.swift; path = SceneDelegate.swift; sourceTree = "<group>"; };
		071097EF2358E50300932A4E /* Assets.xcassets */ = {isa = PBXFileReference; lastKnownFileType = folder.assetcatalog; path = Assets.xcassets; sourceTree = "<group>"; };
		071097F22358E50300932A4E /* Base */ = {isa = PBXFileReference; lastKnownFileType = file.storyboard; name = Base; path = Base.lproj/LaunchScreen.storyboard; sourceTree = "<group>"; };
		071098002358EA2B00932A4E /* LoginFormController.swift */ = {isa = PBXFileReference; lastKnownFileType = sourcecode.swift; path = LoginFormController.swift; sourceTree = "<group>"; };
		07326D2D2375744800548A86 /* FriendsCellProto.swift */ = {isa = PBXFileReference; lastKnownFileType = sourcecode.swift; path = FriendsCellProto.swift; sourceTree = "<group>"; };
		07326D2E2375744800548A86 /* FriendsCellProto.xib */ = {isa = PBXFileReference; lastKnownFileType = file.xib; path = FriendsCellProto.xib; sourceTree = "<group>"; };
		07326D352376F63E00548A86 /* NewsTableCell.swift */ = {isa = PBXFileReference; lastKnownFileType = sourcecode.swift; path = NewsTableCell.swift; sourceTree = "<group>"; };
		07326D362376F63F00548A86 /* NewsTableCell.xib */ = {isa = PBXFileReference; lastKnownFileType = file.xib; path = NewsTableCell.xib; sourceTree = "<group>"; };
		07326D3A2376FDEE00548A86 /* NewsFormController.swift */ = {isa = PBXFileReference; lastKnownFileType = sourcecode.swift; path = NewsFormController.swift; sourceTree = "<group>"; };
		07572FD62389828100AB8E01 /* Animator.swift */ = {isa = PBXFileReference; lastKnownFileType = sourcecode.swift; path = Animator.swift; sourceTree = "<group>"; };
		07572FD82389857000AB8E01 /* CustomNavigationController.swift */ = {isa = PBXFileReference; lastKnownFileType = sourcecode.swift; path = CustomNavigationController.swift; sourceTree = "<group>"; };
		0769B0F3236450680016E6D8 /* Info.plist */ = {isa = PBXFileReference; fileEncoding = 4; lastKnownFileType = text.plist.xml; path = Info.plist; sourceTree = "<group>"; };
		0769B0F523645F8D0016E6D8 /* Groups.swift */ = {isa = PBXFileReference; lastKnownFileType = sourcecode.swift; path = Groups.swift; sourceTree = "<group>"; };
		0769B0F9236460FE0016E6D8 /* GroupsCell.swift */ = {isa = PBXFileReference; lastKnownFileType = sourcecode.swift; path = GroupsCell.swift; sourceTree = "<group>"; };
		0769B0FB23646C8D0016E6D8 /* AllGroupsController.swift */ = {isa = PBXFileReference; lastKnownFileType = sourcecode.swift; path = AllGroupsController.swift; sourceTree = "<group>"; };
		0769B0FD23646D280016E6D8 /* AllGroupCell.swift */ = {isa = PBXFileReference; lastKnownFileType = sourcecode.swift; path = AllGroupCell.swift; sourceTree = "<group>"; };
		0773D35F2371BD85006AFAA3 /* FriendsSearchControl.swift */ = {isa = PBXFileReference; lastKnownFileType = sourcecode.swift; path = FriendsSearchControl.swift; sourceTree = "<group>"; };
		0779F55D236EA77B008E0A51 /* AvatarView.swift */ = {isa = PBXFileReference; lastKnownFileType = sourcecode.swift; path = AvatarView.swift; sourceTree = "<group>"; };
		0788EE37236341C500379186 /* Friends.swift */ = {isa = PBXFileReference; lastKnownFileType = sourcecode.swift; path = Friends.swift; sourceTree = "<group>"; };
		0788EE3A23634A0A00379186 /* FriendsPhotoController.swift */ = {isa = PBXFileReference; lastKnownFileType = sourcecode.swift; path = FriendsPhotoController.swift; sourceTree = "<group>"; };
		0793234A236228B400394647 /* GroupsController.swift */ = {isa = PBXFileReference; lastKnownFileType = sourcecode.swift; path = GroupsController.swift; sourceTree = "<group>"; };
		07A956A823620D120065741F /* Main.storyboard */ = {isa = PBXFileReference; fileEncoding = 4; lastKnownFileType = file.storyboard; path = Main.storyboard; sourceTree = "<group>"; };
		07C3721C2377115600828D30 /* News.swift */ = {isa = PBXFileReference; lastKnownFileType = sourcecode.swift; path = News.swift; sourceTree = "<group>"; };
		07C3721E23773A6400828D30 /* FriendsFormController.swift */ = {isa = PBXFileReference; lastKnownFileType = sourcecode.swift; path = FriendsFormController.swift; sourceTree = "<group>"; };
		07E1338B236EF80500FCC49B /* LikeControl.swift */ = {isa = PBXFileReference; lastKnownFileType = sourcecode.swift; path = LikeControl.swift; sourceTree = "<group>"; };
		07E419BF2360678A00EF92E6 /* UIViewController+Ext.swift */ = {isa = PBXFileReference; lastKnownFileType = sourcecode.swift; path = "UIViewController+Ext.swift"; sourceTree = "<group>"; };
		07F8E9B6238193B30049B352 /* BigPhotosController.swift */ = {isa = PBXFileReference; lastKnownFileType = sourcecode.swift; path = BigPhotosController.swift; sourceTree = "<group>"; };
		07F93DD923644C4700F6B3B0 /* Default-568h@2x.png */ = {isa = PBXFileReference; lastKnownFileType = image.png; path = "Default-568h@2x.png"; sourceTree = "<group>"; };
		07F93DDC23644C7F00F6B3B0 /* FriendPhotosCell.swift */ = {isa = PBXFileReference; lastKnownFileType = sourcecode.swift; path = FriendPhotosCell.swift; sourceTree = "<group>"; };
		07F99D29237B3DE4002E87ED /* LoadingViewControl.swift */ = {isa = PBXFileReference; lastKnownFileType = sourcecode.swift; path = LoadingViewControl.swift; sourceTree = "<group>"; };
		274C516ECBA7FB9B2A284B19 /* Pods-weather.debug.xcconfig */ = {isa = PBXFileReference; includeInIndex = 1; lastKnownFileType = text.xcconfig; name = "Pods-weather.debug.xcconfig"; path = "Pods/Target Support Files/Pods-weather/Pods-weather.debug.xcconfig"; sourceTree = "<group>"; };
		3F9A35FED2DA38C8E630162E /* Pods-weather.release.xcconfig */ = {isa = PBXFileReference; includeInIndex = 1; lastKnownFileType = text.xcconfig; name = "Pods-weather.release.xcconfig"; path = "Pods/Target Support Files/Pods-weather/Pods-weather.release.xcconfig"; sourceTree = "<group>"; };
		B9A3C7010549AA882A5DAEAC /* Pods_weather.framework */ = {isa = PBXFileReference; explicitFileType = wrapper.framework; includeInIndex = 0; path = Pods_weather.framework; sourceTree = BUILT_PRODUCTS_DIR; };
/* End PBXFileReference section */

/* Begin PBXFrameworksBuildPhase section */
		071097E02358E50100932A4E /* Frameworks */ = {
			isa = PBXFrameworksBuildPhase;
			buildActionMask = 2147483647;
			files = (
				BF220BF68C6EB8C51A877C4F /* Pods_weather.framework in Frameworks */,
			);
			runOnlyForDeploymentPostprocessing = 0;
		};
/* End PBXFrameworksBuildPhase section */

/* Begin PBXGroup section */
		0707922723923D7700F728BC /* Cells */ = {
			isa = PBXGroup;
			children = (
				07F93DDC23644C7F00F6B3B0 /* FriendPhotosCell.swift */,
				07326D2D2375744800548A86 /* FriendsCellProto.swift */,
				07326D352376F63E00548A86 /* NewsTableCell.swift */,
				0769B0F9236460FE0016E6D8 /* GroupsCell.swift */,
				0769B0FD23646D280016E6D8 /* AllGroupCell.swift */,
			);
			path = Cells;
			sourceTree = "<group>";
		};
		0707922823923D8800F728BC /* CustomControlls */ = {
			isa = PBXGroup;
			children = (
				0779F55D236EA77B008E0A51 /* AvatarView.swift */,
				07E1338B236EF80500FCC49B /* LikeControl.swift */,
			);
			path = CustomControlls;
			sourceTree = "<group>";
		};
		071097DA2358E50100932A4E = {
			isa = PBXGroup;
			children = (
				07F93DD923644C4700F6B3B0 /* Default-568h@2x.png */,
				071097E52358E50100932A4E /* vkapp */,
				071097E42358E50100932A4E /* Products */,
				53102031965069D60450E269 /* Pods */,
				14FB3F1D8D93AE726467B061 /* Frameworks */,
			);
			sourceTree = "<group>";
		};
		071097E42358E50100932A4E /* Products */ = {
			isa = PBXGroup;
			children = (
				071097E32358E50100932A4E /* vkapp.app */,
			);
			name = Products;
			sourceTree = "<group>";
		};
		071097E52358E50100932A4E /* vkapp */ = {
			isa = PBXGroup;
			children = (
				07572FD52389826100AB8E01 /* Helpers */,
				07F93DDB23644C6000F6B3B0 /* View */,
				0793234723620EB800394647 /* Controller */,
				071097E62358E50100932A4E /* AppDelegate.swift */,
				071097E82358E50100932A4E /* SceneDelegate.swift */,
				07A956A523620C980065741F /* Resource */,
				0788EE392363422700379186 /* Models */,
			);
			path = vkapp;
			sourceTree = "<group>";
		};
		07326D392376F64E00548A86 /* XIB */ = {
			isa = PBXGroup;
			children = (
				07326D362376F63F00548A86 /* NewsTableCell.xib */,
				07326D2E2375744800548A86 /* FriendsCellProto.xib */,
			);
			path = XIB;
			sourceTree = "<group>";
		};
		07572FD52389826100AB8E01 /* Helpers */ = {
			isa = PBXGroup;
			children = (
				07E419BF2360678A00EF92E6 /* UIViewController+Ext.swift */,
				07572FD62389828100AB8E01 /* Animator.swift */,
				07572FD82389857000AB8E01 /* CustomNavigationController.swift */,
			);
			path = Helpers;
			sourceTree = "<group>";
		};
		0788EE392363422700379186 /* Models */ = {
			isa = PBXGroup;
			children = (
				0788EE37236341C500379186 /* Friends.swift */,
				0769B0F523645F8D0016E6D8 /* Groups.swift */,
				07C3721C2377115600828D30 /* News.swift */,
				070792292392438B00F728BC /* Session.swift */,
			);
			path = Models;
			sourceTree = "<group>";
		};
		0793234723620EB800394647 /* Controller */ = {
			isa = PBXGroup;
			children = (
				071098002358EA2B00932A4E /* LoginFormController.swift */,
				0793234A236228B400394647 /* GroupsController.swift */,
				0788EE3A23634A0A00379186 /* FriendsPhotoController.swift */,
				0769B0FB23646C8D0016E6D8 /* AllGroupsController.swift */,
				07326D3A2376FDEE00548A86 /* NewsFormController.swift */,
				07C3721E23773A6400828D30 /* FriendsFormController.swift */,
				07F8E9B6238193B30049B352 /* BigPhotosController.swift */,
			);
			path = Controller;
			sourceTree = "<group>";
		};
		07A956A523620C980065741F /* Resource */ = {
			isa = PBXGroup;
			children = (
				07326D392376F64E00548A86 /* XIB */,
				0769B0F3236450680016E6D8 /* Info.plist */,
				071097EF2358E50300932A4E /* Assets.xcassets */,
				071097F12358E50300932A4E /* LaunchScreen.storyboard */,
				07A956A823620D120065741F /* Main.storyboard */,
			);
			path = Resource;
			sourceTree = "<group>";
		};
		07F93DDB23644C6000F6B3B0 /* View */ = {
			isa = PBXGroup;
			children = (
				0707922723923D7700F728BC /* Cells */,
				0707922823923D8800F728BC /* CustomControlls */,
				0773D35F2371BD85006AFAA3 /* FriendsSearchControl.swift */,
				07F99D29237B3DE4002E87ED /* LoadingViewControl.swift */,
			);
			path = View;
			sourceTree = "<group>";
		};
		14FB3F1D8D93AE726467B061 /* Frameworks */ = {
			isa = PBXGroup;
			children = (
				B9A3C7010549AA882A5DAEAC /* Pods_weather.framework */,
			);
			name = Frameworks;
			sourceTree = "<group>";
		};
		53102031965069D60450E269 /* Pods */ = {
			isa = PBXGroup;
			children = (
				274C516ECBA7FB9B2A284B19 /* Pods-weather.debug.xcconfig */,
				3F9A35FED2DA38C8E630162E /* Pods-weather.release.xcconfig */,
			);
			name = Pods;
			sourceTree = "<group>";
		};
/* End PBXGroup section */

/* Begin PBXNativeTarget section */
		071097E22358E50100932A4E /* weather */ = {
			isa = PBXNativeTarget;
			buildConfigurationList = 071097F72358E50300932A4E /* Build configuration list for PBXNativeTarget "weather" */;
			buildPhases = (
				F994A6C625D1C29186E99385 /* [CP] Check Pods Manifest.lock */,
				071097DF2358E50100932A4E /* Sources */,
				071097E02358E50100932A4E /* Frameworks */,
				071097E12358E50100932A4E /* Resources */,
				C9617ADE264C02A993947D90 /* [CP] Embed Pods Frameworks */,
			);
			buildRules = (
			);
			dependencies = (
			);
			name = weather;
			productName = weather;
			productReference = 071097E32358E50100932A4E /* vkapp.app */;
			productType = "com.apple.product-type.application";
		};
/* End PBXNativeTarget section */

/* Begin PBXProject section */
		071097DB2358E50100932A4E /* Project object */ = {
			isa = PBXProject;
			attributes = {
				LastSwiftUpdateCheck = 1110;
				LastUpgradeCheck = 1110;
				ORGANIZATIONNAME = "Григорий Мартюшин";
				TargetAttributes = {
					071097E22358E50100932A4E = {
						CreatedOnToolsVersion = 11.1;
					};
				};
			};
			buildConfigurationList = 071097DE2358E50100932A4E /* Build configuration list for PBXProject "vkapp" */;
			compatibilityVersion = "Xcode 9.3";
			developmentRegion = en;
			hasScannedForEncodings = 0;
			knownRegions = (
				en,
				Base,
			);
			mainGroup = 071097DA2358E50100932A4E;
			productRefGroup = 071097E42358E50100932A4E /* Products */;
			projectDirPath = "";
			projectRoot = "";
			targets = (
				071097E22358E50100932A4E /* weather */,
			);
		};
/* End PBXProject section */

/* Begin PBXResourcesBuildPhase section */
		071097E12358E50100932A4E /* Resources */ = {
			isa = PBXResourcesBuildPhase;
			buildActionMask = 2147483647;
			files = (
				07A956A923620D120065741F /* Main.storyboard in Resources */,
				07326D302375744800548A86 /* FriendsCellProto.xib in Resources */,
				07F93DDA23644C4700F6B3B0 /* Default-568h@2x.png in Resources */,
				071097F32358E50300932A4E /* LaunchScreen.storyboard in Resources */,
				071097F02358E50300932A4E /* Assets.xcassets in Resources */,
				07326D382376F63F00548A86 /* NewsTableCell.xib in Resources */,
			);
			runOnlyForDeploymentPostprocessing = 0;
		};
/* End PBXResourcesBuildPhase section */

/* Begin PBXShellScriptBuildPhase section */
		C9617ADE264C02A993947D90 /* [CP] Embed Pods Frameworks */ = {
			isa = PBXShellScriptBuildPhase;
			buildActionMask = 2147483647;
			files = (
			);
			inputPaths = (
				"${SRCROOT}/Pods/Target Support Files/Pods-weather/Pods-weather-frameworks.sh",
				"${BUILT_PRODUCTS_DIR}/Alamofire/Alamofire.framework",
			);
			name = "[CP] Embed Pods Frameworks";
			outputPaths = (
				"${TARGET_BUILD_DIR}/${FRAMEWORKS_FOLDER_PATH}/Alamofire.framework",
			);
			runOnlyForDeploymentPostprocessing = 0;
			shellPath = /bin/sh;
			shellScript = "\"${SRCROOT}/Pods/Target Support Files/Pods-weather/Pods-weather-frameworks.sh\"\n";
			showEnvVarsInLog = 0;
		};
		F994A6C625D1C29186E99385 /* [CP] Check Pods Manifest.lock */ = {
			isa = PBXShellScriptBuildPhase;
			buildActionMask = 2147483647;
			files = (
			);
			inputPaths = (
				"${PODS_PODFILE_DIR_PATH}/Podfile.lock",
				"${PODS_ROOT}/Manifest.lock",
			);
			name = "[CP] Check Pods Manifest.lock";
			outputPaths = (
				"$(DERIVED_FILE_DIR)/Pods-weather-checkManifestLockResult.txt",
			);
			runOnlyForDeploymentPostprocessing = 0;
			shellPath = /bin/sh;
			shellScript = "diff \"${PODS_PODFILE_DIR_PATH}/Podfile.lock\" \"${PODS_ROOT}/Manifest.lock\" > /dev/null\nif [ $? != 0 ] ; then\n    # print error to STDERR\n    echo \"error: The sandbox is not in sync with the Podfile.lock. Run 'pod install' or update your CocoaPods installation.\" >&2\n    exit 1\nfi\n# This output is used by Xcode 'outputs' to avoid re-running this script phase.\necho \"SUCCESS\" > \"${SCRIPT_OUTPUT_FILE_0}\"\n";
			showEnvVarsInLog = 0;
		};
/* End PBXShellScriptBuildPhase section */

/* Begin PBXSourcesBuildPhase section */
		071097DF2358E50100932A4E /* Sources */ = {
			isa = PBXSourcesBuildPhase;
			buildActionMask = 2147483647;
			files = (
				0788EE3B23634A0A00379186 /* FriendsPhotoController.swift in Sources */,
				071098012358EA2B00932A4E /* LoginFormController.swift in Sources */,
				07E1338C236EF80500FCC49B /* LikeControl.swift in Sources */,
				07C3721F23773A6400828D30 /* FriendsFormController.swift in Sources */,
				0773D3602371BD85006AFAA3 /* FriendsSearchControl.swift in Sources */,
				07F8E9B7238193B30049B352 /* BigPhotosController.swift in Sources */,
				0769B0F623645F8D0016E6D8 /* Groups.swift in Sources */,
				07F99D2A237B3DE4002E87ED /* LoadingViewControl.swift in Sources */,
				0779F55E236EA77B008E0A51 /* AvatarView.swift in Sources */,
				0769B0FE23646D280016E6D8 /* AllGroupCell.swift in Sources */,
				0707922A2392438B00F728BC /* Session.swift in Sources */,
				0769B0FA236460FE0016E6D8 /* GroupsCell.swift in Sources */,
				0793234B236228B400394647 /* GroupsController.swift in Sources */,
				07572FD92389857000AB8E01 /* CustomNavigationController.swift in Sources */,
				07326D372376F63F00548A86 /* NewsTableCell.swift in Sources */,
				07326D2F2375744800548A86 /* FriendsCellProto.swift in Sources */,
				07326D3B2376FDEE00548A86 /* NewsFormController.swift in Sources */,
				0788EE38236341C500379186 /* Friends.swift in Sources */,
				071097E72358E50100932A4E /* AppDelegate.swift in Sources */,
				0769B0FC23646C8D0016E6D8 /* AllGroupsController.swift in Sources */,
				07E419C02360678A00EF92E6 /* UIViewController+Ext.swift in Sources */,
				071097E92358E50100932A4E /* SceneDelegate.swift in Sources */,
				07C3721D2377115600828D30 /* News.swift in Sources */,
				07572FD72389828100AB8E01 /* Animator.swift in Sources */,
				07F93DDD23644C7F00F6B3B0 /* FriendPhotosCell.swift in Sources */,
			);
			runOnlyForDeploymentPostprocessing = 0;
		};
/* End PBXSourcesBuildPhase section */

/* Begin PBXVariantGroup section */
		071097F12358E50300932A4E /* LaunchScreen.storyboard */ = {
			isa = PBXVariantGroup;
			children = (
				071097F22358E50300932A4E /* Base */,
			);
			name = LaunchScreen.storyboard;
			sourceTree = "<group>";
		};
/* End PBXVariantGroup section */

/* Begin XCBuildConfiguration section */
		071097F52358E50300932A4E /* Debug */ = {
			isa = XCBuildConfiguration;
			buildSettings = {
				ALWAYS_SEARCH_USER_PATHS = NO;
				CLANG_ANALYZER_NONNULL = YES;
				CLANG_ANALYZER_NUMBER_OBJECT_CONVERSION = YES_AGGRESSIVE;
				CLANG_CXX_LANGUAGE_STANDARD = "gnu++14";
				CLANG_CXX_LIBRARY = "libc++";
				CLANG_ENABLE_MODULES = YES;
				CLANG_ENABLE_OBJC_ARC = YES;
				CLANG_ENABLE_OBJC_WEAK = YES;
				CLANG_WARN_BLOCK_CAPTURE_AUTORELEASING = YES;
				CLANG_WARN_BOOL_CONVERSION = YES;
				CLANG_WARN_COMMA = YES;
				CLANG_WARN_CONSTANT_CONVERSION = YES;
				CLANG_WARN_DEPRECATED_OBJC_IMPLEMENTATIONS = YES;
				CLANG_WARN_DIRECT_OBJC_ISA_USAGE = YES_ERROR;
				CLANG_WARN_DOCUMENTATION_COMMENTS = YES;
				CLANG_WARN_EMPTY_BODY = YES;
				CLANG_WARN_ENUM_CONVERSION = YES;
				CLANG_WARN_INFINITE_RECURSION = YES;
				CLANG_WARN_INT_CONVERSION = YES;
				CLANG_WARN_NON_LITERAL_NULL_CONVERSION = YES;
				CLANG_WARN_OBJC_IMPLICIT_RETAIN_SELF = YES;
				CLANG_WARN_OBJC_LITERAL_CONVERSION = YES;
				CLANG_WARN_OBJC_ROOT_CLASS = YES_ERROR;
				CLANG_WARN_RANGE_LOOP_ANALYSIS = YES;
				CLANG_WARN_STRICT_PROTOTYPES = YES;
				CLANG_WARN_SUSPICIOUS_MOVE = YES;
				CLANG_WARN_UNGUARDED_AVAILABILITY = YES_AGGRESSIVE;
				CLANG_WARN_UNREACHABLE_CODE = YES;
				CLANG_WARN__DUPLICATE_METHOD_MATCH = YES;
				COPY_PHASE_STRIP = NO;
				DEBUG_INFORMATION_FORMAT = dwarf;
				ENABLE_STRICT_OBJC_MSGSEND = YES;
				ENABLE_TESTABILITY = YES;
				GCC_C_LANGUAGE_STANDARD = gnu11;
				GCC_DYNAMIC_NO_PIC = NO;
				GCC_NO_COMMON_BLOCKS = YES;
				GCC_OPTIMIZATION_LEVEL = 0;
				GCC_PREPROCESSOR_DEFINITIONS = (
					"DEBUG=1",
					"$(inherited)",
				);
				GCC_WARN_64_TO_32_BIT_CONVERSION = YES;
				GCC_WARN_ABOUT_RETURN_TYPE = YES_ERROR;
				GCC_WARN_UNDECLARED_SELECTOR = YES;
				GCC_WARN_UNINITIALIZED_AUTOS = YES_AGGRESSIVE;
				GCC_WARN_UNUSED_FUNCTION = YES;
				GCC_WARN_UNUSED_VARIABLE = YES;
				IPHONEOS_DEPLOYMENT_TARGET = 13.1;
				MTL_ENABLE_DEBUG_INFO = INCLUDE_SOURCE;
				MTL_FAST_MATH = YES;
				ONLY_ACTIVE_ARCH = YES;
				SDKROOT = iphoneos;
				SWIFT_ACTIVE_COMPILATION_CONDITIONS = DEBUG;
				SWIFT_OPTIMIZATION_LEVEL = "-Onone";
			};
			name = Debug;
		};
		071097F62358E50300932A4E /* Release */ = {
			isa = XCBuildConfiguration;
			buildSettings = {
				ALWAYS_SEARCH_USER_PATHS = NO;
				CLANG_ANALYZER_NONNULL = YES;
				CLANG_ANALYZER_NUMBER_OBJECT_CONVERSION = YES_AGGRESSIVE;
				CLANG_CXX_LANGUAGE_STANDARD = "gnu++14";
				CLANG_CXX_LIBRARY = "libc++";
				CLANG_ENABLE_MODULES = YES;
				CLANG_ENABLE_OBJC_ARC = YES;
				CLANG_ENABLE_OBJC_WEAK = YES;
				CLANG_WARN_BLOCK_CAPTURE_AUTORELEASING = YES;
				CLANG_WARN_BOOL_CONVERSION = YES;
				CLANG_WARN_COMMA = YES;
				CLANG_WARN_CONSTANT_CONVERSION = YES;
				CLANG_WARN_DEPRECATED_OBJC_IMPLEMENTATIONS = YES;
				CLANG_WARN_DIRECT_OBJC_ISA_USAGE = YES_ERROR;
				CLANG_WARN_DOCUMENTATION_COMMENTS = YES;
				CLANG_WARN_EMPTY_BODY = YES;
				CLANG_WARN_ENUM_CONVERSION = YES;
				CLANG_WARN_INFINITE_RECURSION = YES;
				CLANG_WARN_INT_CONVERSION = YES;
				CLANG_WARN_NON_LITERAL_NULL_CONVERSION = YES;
				CLANG_WARN_OBJC_IMPLICIT_RETAIN_SELF = YES;
				CLANG_WARN_OBJC_LITERAL_CONVERSION = YES;
				CLANG_WARN_OBJC_ROOT_CLASS = YES_ERROR;
				CLANG_WARN_RANGE_LOOP_ANALYSIS = YES;
				CLANG_WARN_STRICT_PROTOTYPES = YES;
				CLANG_WARN_SUSPICIOUS_MOVE = YES;
				CLANG_WARN_UNGUARDED_AVAILABILITY = YES_AGGRESSIVE;
				CLANG_WARN_UNREACHABLE_CODE = YES;
				CLANG_WARN__DUPLICATE_METHOD_MATCH = YES;
				COPY_PHASE_STRIP = NO;
				DEBUG_INFORMATION_FORMAT = "dwarf-with-dsym";
				ENABLE_NS_ASSERTIONS = NO;
				ENABLE_STRICT_OBJC_MSGSEND = YES;
				GCC_C_LANGUAGE_STANDARD = gnu11;
				GCC_NO_COMMON_BLOCKS = YES;
				GCC_WARN_64_TO_32_BIT_CONVERSION = YES;
				GCC_WARN_ABOUT_RETURN_TYPE = YES_ERROR;
				GCC_WARN_UNDECLARED_SELECTOR = YES;
				GCC_WARN_UNINITIALIZED_AUTOS = YES_AGGRESSIVE;
				GCC_WARN_UNUSED_FUNCTION = YES;
				GCC_WARN_UNUSED_VARIABLE = YES;
				IPHONEOS_DEPLOYMENT_TARGET = 13.1;
				MTL_ENABLE_DEBUG_INFO = NO;
				MTL_FAST_MATH = YES;
				SDKROOT = iphoneos;
				SWIFT_COMPILATION_MODE = wholemodule;
				SWIFT_OPTIMIZATION_LEVEL = "-O";
				VALIDATE_PRODUCT = YES;
			};
			name = Release;
		};
		071097F82358E50300932A4E /* Debug */ = {
			isa = XCBuildConfiguration;
			baseConfigurationReference = 274C516ECBA7FB9B2A284B19 /* Pods-weather.debug.xcconfig */;
			buildSettings = {
				ASSETCATALOG_COMPILER_APPICON_NAME = AppIcon;
				CODE_SIGN_STYLE = Automatic;
				DEVELOPMENT_TEAM = 4GGD352K79;
				INFOPLIST_FILE = vkapp/Resource/Info.plist;
				LD_RUNPATH_SEARCH_PATHS = (
					"$(inherited)",
					"@executable_path/Frameworks",
				);
				PRODUCT_BUNDLE_IDENTIFIER = mcemga.vkapp;
				PRODUCT_NAME = vkapp;
				SWIFT_VERSION = 5.0;
				TARGETED_DEVICE_FAMILY = "1,2";
			};
			name = Debug;
		};
		071097F92358E50300932A4E /* Release */ = {
			isa = XCBuildConfiguration;
			baseConfigurationReference = 3F9A35FED2DA38C8E630162E /* Pods-weather.release.xcconfig */;
			buildSettings = {
				ASSETCATALOG_COMPILER_APPICON_NAME = AppIcon;
				CODE_SIGN_STYLE = Automatic;
				DEVELOPMENT_TEAM = 4GGD352K79;
				INFOPLIST_FILE = vkapp/Resource/Info.plist;
				LD_RUNPATH_SEARCH_PATHS = (
					"$(inherited)",
					"@executable_path/Frameworks",
				);
				PRODUCT_BUNDLE_IDENTIFIER = mcemga.vkapp;
				PRODUCT_NAME = vkapp;
				SWIFT_VERSION = 5.0;
				TARGETED_DEVICE_FAMILY = "1,2";
			};
			name = Release;
		};
/* End XCBuildConfiguration section */

/* Begin XCConfigurationList section */
		071097DE2358E50100932A4E /* Build configuration list for PBXProject "vkapp" */ = {
			isa = XCConfigurationList;
			buildConfigurations = (
				071097F52358E50300932A4E /* Debug */,
				071097F62358E50300932A4E /* Release */,
			);
			defaultConfigurationIsVisible = 0;
			defaultConfigurationName = Release;
		};
		071097F72358E50300932A4E /* Build configuration list for PBXNativeTarget "weather" */ = {
			isa = XCConfigurationList;
			buildConfigurations = (
				071097F82358E50300932A4E /* Debug */,
				071097F92358E50300932A4E /* Release */,
			);
			defaultConfigurationIsVisible = 0;
			defaultConfigurationName = Release;
		};
/* End XCConfigurationList section */
	};
	rootObject = 071097DB2358E50100932A4E /* Project object */;
}
