// !$*UTF8*$!
{
	archiveVersion = 1;
	classes = {
	};
	objectVersion = 51;
	objects = {

/* Begin PBXBuildFile section */
		0707922A2392438B00F728BC /* AppSession.swift in Sources */ = {isa = PBXBuildFile; fileRef = 070792292392438B00F728BC /* AppSession.swift */; };
		071097E72358E50100932A4E /* AppDelegate.swift in Sources */ = {isa = PBXBuildFile; fileRef = 071097E62358E50100932A4E /* AppDelegate.swift */; };
		071097E92358E50100932A4E /* SceneDelegate.swift in Sources */ = {isa = PBXBuildFile; fileRef = 071097E82358E50100932A4E /* SceneDelegate.swift */; };
		071097F02358E50300932A4E /* Assets.xcassets in Resources */ = {isa = PBXBuildFile; fileRef = 071097EF2358E50300932A4E /* Assets.xcassets */; };
		071097F32358E50300932A4E /* LaunchScreen.storyboard in Resources */ = {isa = PBXBuildFile; fileRef = 071097F12358E50300932A4E /* LaunchScreen.storyboard */; };
		071098012358EA2B00932A4E /* LoginFormController.swift in Sources */ = {isa = PBXBuildFile; fileRef = 071098002358EA2B00932A4E /* LoginFormController.swift */; };
		0711976423E133E600000FB3 /* GetDataOperation.swift in Sources */ = {isa = PBXBuildFile; fileRef = 0711976323E133E600000FB3 /* GetDataOperation.swift */; };
		0711976623E13C2E00000FB3 /* ParseDataOperation.swift in Sources */ = {isa = PBXBuildFile; fileRef = 0711976523E13C2E00000FB3 /* ParseDataOperation.swift */; };
		071A790223BF656500F879B6 /* TabBarController.swift in Sources */ = {isa = PBXBuildFile; fileRef = 071A790123BF656500F879B6 /* TabBarController.swift */; };
		0725089B23DD755E00921652 /* VKService.swift in Sources */ = {isa = PBXBuildFile; fileRef = 0725089A23DD755E00921652 /* VKService.swift */; };
		072E6C3223D4476C00E03018 /* NewsImageCell.xib in Resources */ = {isa = PBXBuildFile; fileRef = 072E6C3123D4476C00E03018 /* NewsImageCell.xib */; };
		072E6C3523D4483200E03018 /* NewsImageCell.swift in Sources */ = {isa = PBXBuildFile; fileRef = 072E6C3423D4483200E03018 /* NewsImageCell.swift */; };
		072E6C3723D451CA00E03018 /* NewsShareCell.xib in Resources */ = {isa = PBXBuildFile; fileRef = 072E6C3623D451CA00E03018 /* NewsShareCell.xib */; };
		072E6C3923D45C4300E03018 /* NewsShareCell.swift in Sources */ = {isa = PBXBuildFile; fileRef = 072E6C3823D45C4300E03018 /* NewsShareCell.swift */; };
		07326D2F2375744800548A86 /* FriendsCellProto.swift in Sources */ = {isa = PBXBuildFile; fileRef = 07326D2D2375744800548A86 /* FriendsCellProto.swift */; };
		07326D302375744800548A86 /* FriendsCellProto.xib in Resources */ = {isa = PBXBuildFile; fileRef = 07326D2E2375744800548A86 /* FriendsCellProto.xib */; };
		07326D372376F63F00548A86 /* NewsTableCell.swift in Sources */ = {isa = PBXBuildFile; fileRef = 07326D352376F63E00548A86 /* NewsTableCell.swift */; };
		07326D382376F63F00548A86 /* NewsTableCell.xib in Resources */ = {isa = PBXBuildFile; fileRef = 07326D362376F63F00548A86 /* NewsTableCell.xib */; };
		07326D3B2376FDEE00548A86 /* NewsFormController.swift in Sources */ = {isa = PBXBuildFile; fileRef = 07326D3A2376FDEE00548A86 /* NewsFormController.swift */; };
		073770C4239BDBA500DB51CB /* User.swift in Sources */ = {isa = PBXBuildFile; fileRef = 073770C3239BDBA500DB51CB /* User.swift */; };
		07572FD72389828100AB8E01 /* CustomInteractAnimator.swift in Sources */ = {isa = PBXBuildFile; fileRef = 07572FD62389828100AB8E01 /* CustomInteractAnimator.swift */; };
		07572FD92389857000AB8E01 /* CustomNavigationController.swift in Sources */ = {isa = PBXBuildFile; fileRef = 07572FD82389857000AB8E01 /* CustomNavigationController.swift */; };
		0769B0F623645F8D0016E6D8 /* Group.swift in Sources */ = {isa = PBXBuildFile; fileRef = 0769B0F523645F8D0016E6D8 /* Group.swift */; };
		0769B0FA236460FE0016E6D8 /* GroupsCell.swift in Sources */ = {isa = PBXBuildFile; fileRef = 0769B0F9236460FE0016E6D8 /* GroupsCell.swift */; };
		0773D3602371BD85006AFAA3 /* FriendsSearchControl.swift in Sources */ = {isa = PBXBuildFile; fileRef = 0773D35F2371BD85006AFAA3 /* FriendsSearchControl.swift */; };
		0775BC6A23B227FB0041FABC /* RealmService.swift in Sources */ = {isa = PBXBuildFile; fileRef = 0775BC6923B227FB0041FABC /* RealmService.swift */; };
		0779F55E236EA77B008E0A51 /* AvatarView.swift in Sources */ = {isa = PBXBuildFile; fileRef = 0779F55D236EA77B008E0A51 /* AvatarView.swift */; };
		0788EE38236341C500379186 /* Friends.swift in Sources */ = {isa = PBXBuildFile; fileRef = 0788EE37236341C500379186 /* Friends.swift */; };
		0788EE3B23634A0A00379186 /* FriendsPhotoController.swift in Sources */ = {isa = PBXBuildFile; fileRef = 0788EE3A23634A0A00379186 /* FriendsPhotoController.swift */; };
		078BDF1323BF609A00ECDF57 /* Localizable.strings in Resources */ = {isa = PBXBuildFile; fileRef = 078BDF1523BF609A00ECDF57 /* Localizable.strings */; };
		078BDF1823BF60C200ECDF57 /* Localizable.strings in Resources */ = {isa = PBXBuildFile; fileRef = 078BDF1A23BF60C200ECDF57 /* Localizable.strings */; };
		0793234B236228B400394647 /* GroupsController.swift in Sources */ = {isa = PBXBuildFile; fileRef = 0793234A236228B400394647 /* GroupsController.swift */; };
		07A956A923620D120065741F /* Main.storyboard in Resources */ = {isa = PBXBuildFile; fileRef = 07A956A823620D120065741F /* Main.storyboard */; };
		07BAC68C23C08055008FB3BB /* ColorScheme.swift in Sources */ = {isa = PBXBuildFile; fileRef = 07BAC68B23C08055008FB3BB /* ColorScheme.swift */; };
		07C3721D2377115600828D30 /* News.swift in Sources */ = {isa = PBXBuildFile; fileRef = 07C3721C2377115600828D30 /* News.swift */; };
		07C3721F23773A6400828D30 /* FriendsFormController.swift in Sources */ = {isa = PBXBuildFile; fileRef = 07C3721E23773A6400828D30 /* FriendsFormController.swift */; };
		07D4C627239CFD51006B8B26 /* Photos.swift in Sources */ = {isa = PBXBuildFile; fileRef = 07D4C626239CFD51006B8B26 /* Photos.swift */; };
		07E1338C236EF80500FCC49B /* LikeControl.swift in Sources */ = {isa = PBXBuildFile; fileRef = 07E1338B236EF80500FCC49B /* LikeControl.swift */; };
		07E419C02360678A00EF92E6 /* UIViewController+Ext.swift in Sources */ = {isa = PBXBuildFile; fileRef = 07E419BF2360678A00EF92E6 /* UIViewController+Ext.swift */; };
		07F8E9B7238193B30049B352 /* BigPhotosController.swift in Sources */ = {isa = PBXBuildFile; fileRef = 07F8E9B6238193B30049B352 /* BigPhotosController.swift */; };
		07F93DDA23644C4700F6B3B0 /* Default-568h@2x.png in Resources */ = {isa = PBXBuildFile; fileRef = 07F93DD923644C4700F6B3B0 /* Default-568h@2x.png */; };
		07F93DDD23644C7F00F6B3B0 /* FriendPhotosCell.swift in Sources */ = {isa = PBXBuildFile; fileRef = 07F93DDC23644C7F00F6B3B0 /* FriendPhotosCell.swift */; };
		07F99D2A237B3DE4002E87ED /* LoadingViewControl.swift in Sources */ = {isa = PBXBuildFile; fileRef = 07F99D29237B3DE4002E87ED /* LoadingViewControl.swift */; };
		0B29A902B14FAE69065B3C63 /* Pods_vkapp.framework in Frameworks */ = {isa = PBXBuildFile; fileRef = 0A07A5F109F5BB21AF10C6BE /* Pods_vkapp.framework */; };
/* End PBXBuildFile section */

/* Begin PBXFileReference section */
		04F27D167A5261F62AF139FD /* Pods-vkapp.debug.xcconfig */ = {isa = PBXFileReference; includeInIndex = 1; lastKnownFileType = text.xcconfig; name = "Pods-vkapp.debug.xcconfig"; path = "Target Support Files/Pods-vkapp/Pods-vkapp.debug.xcconfig"; sourceTree = "<group>"; };
		070792292392438B00F728BC /* AppSession.swift */ = {isa = PBXFileReference; lastKnownFileType = sourcecode.swift; path = AppSession.swift; sourceTree = "<group>"; };
		071097E32358E50100932A4E /* vkapp.app */ = {isa = PBXFileReference; explicitFileType = wrapper.application; includeInIndex = 0; path = vkapp.app; sourceTree = BUILT_PRODUCTS_DIR; };
		071097E62358E50100932A4E /* AppDelegate.swift */ = {isa = PBXFileReference; lastKnownFileType = sourcecode.swift; path = AppDelegate.swift; sourceTree = "<group>"; };
		071097E82358E50100932A4E /* SceneDelegate.swift */ = {isa = PBXFileReference; lastKnownFileType = sourcecode.swift; path = SceneDelegate.swift; sourceTree = "<group>"; };
		071097EF2358E50300932A4E /* Assets.xcassets */ = {isa = PBXFileReference; lastKnownFileType = folder.assetcatalog; path = Assets.xcassets; sourceTree = "<group>"; };
		071097F22358E50300932A4E /* Base */ = {isa = PBXFileReference; lastKnownFileType = file.storyboard; name = Base; path = Base.lproj/LaunchScreen.storyboard; sourceTree = "<group>"; };
		071098002358EA2B00932A4E /* LoginFormController.swift */ = {isa = PBXFileReference; lastKnownFileType = sourcecode.swift; path = LoginFormController.swift; sourceTree = "<group>"; };
		0711976323E133E600000FB3 /* GetDataOperation.swift */ = {isa = PBXFileReference; lastKnownFileType = sourcecode.swift; path = GetDataOperation.swift; sourceTree = "<group>"; };
		0711976523E13C2E00000FB3 /* ParseDataOperation.swift */ = {isa = PBXFileReference; lastKnownFileType = sourcecode.swift; path = ParseDataOperation.swift; sourceTree = "<group>"; };
		071A790123BF656500F879B6 /* TabBarController.swift */ = {isa = PBXFileReference; lastKnownFileType = sourcecode.swift; path = TabBarController.swift; sourceTree = "<group>"; };
		0725089A23DD755E00921652 /* VKService.swift */ = {isa = PBXFileReference; lastKnownFileType = sourcecode.swift; path = VKService.swift; sourceTree = "<group>"; };
		072E6C3123D4476C00E03018 /* NewsImageCell.xib */ = {isa = PBXFileReference; lastKnownFileType = file.xib; path = NewsImageCell.xib; sourceTree = "<group>"; };
		072E6C3423D4483200E03018 /* NewsImageCell.swift */ = {isa = PBXFileReference; lastKnownFileType = sourcecode.swift; path = NewsImageCell.swift; sourceTree = "<group>"; };
		072E6C3623D451CA00E03018 /* NewsShareCell.xib */ = {isa = PBXFileReference; lastKnownFileType = file.xib; path = NewsShareCell.xib; sourceTree = "<group>"; };
		072E6C3823D45C4300E03018 /* NewsShareCell.swift */ = {isa = PBXFileReference; lastKnownFileType = sourcecode.swift; path = NewsShareCell.swift; sourceTree = "<group>"; };
		07326D2D2375744800548A86 /* FriendsCellProto.swift */ = {isa = PBXFileReference; lastKnownFileType = sourcecode.swift; path = FriendsCellProto.swift; sourceTree = "<group>"; };
		07326D2E2375744800548A86 /* FriendsCellProto.xib */ = {isa = PBXFileReference; lastKnownFileType = file.xib; path = FriendsCellProto.xib; sourceTree = "<group>"; };
		07326D352376F63E00548A86 /* NewsTableCell.swift */ = {isa = PBXFileReference; lastKnownFileType = sourcecode.swift; path = NewsTableCell.swift; sourceTree = "<group>"; };
		07326D362376F63F00548A86 /* NewsTableCell.xib */ = {isa = PBXFileReference; lastKnownFileType = file.xib; path = NewsTableCell.xib; sourceTree = "<group>"; };
		07326D3A2376FDEE00548A86 /* NewsFormController.swift */ = {isa = PBXFileReference; lastKnownFileType = sourcecode.swift; path = NewsFormController.swift; sourceTree = "<group>"; };
		073770C3239BDBA500DB51CB /* User.swift */ = {isa = PBXFileReference; lastKnownFileType = sourcecode.swift; path = User.swift; sourceTree = "<group>"; };
		07572FD62389828100AB8E01 /* CustomInteractAnimator.swift */ = {isa = PBXFileReference; lastKnownFileType = sourcecode.swift; path = CustomInteractAnimator.swift; sourceTree = "<group>"; };
		07572FD82389857000AB8E01 /* CustomNavigationController.swift */ = {isa = PBXFileReference; lastKnownFileType = sourcecode.swift; path = CustomNavigationController.swift; sourceTree = "<group>"; };
		0769B0F3236450680016E6D8 /* Info.plist */ = {isa = PBXFileReference; fileEncoding = 4; lastKnownFileType = text.plist.xml; path = Info.plist; sourceTree = "<group>"; };
		0769B0F523645F8D0016E6D8 /* Group.swift */ = {isa = PBXFileReference; lastKnownFileType = sourcecode.swift; path = Group.swift; sourceTree = "<group>"; };
		0769B0F9236460FE0016E6D8 /* GroupsCell.swift */ = {isa = PBXFileReference; lastKnownFileType = sourcecode.swift; path = GroupsCell.swift; sourceTree = "<group>"; };
		0773D35F2371BD85006AFAA3 /* FriendsSearchControl.swift */ = {isa = PBXFileReference; lastKnownFileType = sourcecode.swift; path = FriendsSearchControl.swift; sourceTree = "<group>"; };
		0775BC6923B227FB0041FABC /* RealmService.swift */ = {isa = PBXFileReference; lastKnownFileType = sourcecode.swift; path = RealmService.swift; sourceTree = "<group>"; };
		0779F55D236EA77B008E0A51 /* AvatarView.swift */ = {isa = PBXFileReference; lastKnownFileType = sourcecode.swift; path = AvatarView.swift; sourceTree = "<group>"; };
		0788EE37236341C500379186 /* Friends.swift */ = {isa = PBXFileReference; lastKnownFileType = sourcecode.swift; path = Friends.swift; sourceTree = "<group>"; };
		0788EE3A23634A0A00379186 /* FriendsPhotoController.swift */ = {isa = PBXFileReference; lastKnownFileType = sourcecode.swift; path = FriendsPhotoController.swift; sourceTree = "<group>"; };
		078BDF1023BF604C00ECDF57 /* ru */ = {isa = PBXFileReference; lastKnownFileType = text.plist.strings; name = ru; path = ru.lproj/LaunchScreen.strings; sourceTree = "<group>"; };
		078BDF1423BF609A00ECDF57 /* en */ = {isa = PBXFileReference; lastKnownFileType = text.plist.strings; name = en; path = en.lproj/Localizable.strings; sourceTree = "<group>"; };
		078BDF1923BF60C200ECDF57 /* ru */ = {isa = PBXFileReference; lastKnownFileType = text.plist.strings; name = ru; path = ru.lproj/Localizable.strings; sourceTree = "<group>"; };
		0793234A236228B400394647 /* GroupsController.swift */ = {isa = PBXFileReference; lastKnownFileType = sourcecode.swift; path = GroupsController.swift; sourceTree = "<group>"; };
		07A956A823620D120065741F /* Main.storyboard */ = {isa = PBXFileReference; fileEncoding = 4; lastKnownFileType = file.storyboard; path = Main.storyboard; sourceTree = "<group>"; };
		07BAC68B23C08055008FB3BB /* ColorScheme.swift */ = {isa = PBXFileReference; lastKnownFileType = sourcecode.swift; path = ColorScheme.swift; sourceTree = "<group>"; };
		07C3721C2377115600828D30 /* News.swift */ = {isa = PBXFileReference; lastKnownFileType = sourcecode.swift; path = News.swift; sourceTree = "<group>"; };
		07C3721E23773A6400828D30 /* FriendsFormController.swift */ = {isa = PBXFileReference; lastKnownFileType = sourcecode.swift; path = FriendsFormController.swift; sourceTree = "<group>"; };
		07D4C626239CFD51006B8B26 /* Photos.swift */ = {isa = PBXFileReference; lastKnownFileType = sourcecode.swift; path = Photos.swift; sourceTree = "<group>"; };
		07E1338B236EF80500FCC49B /* LikeControl.swift */ = {isa = PBXFileReference; lastKnownFileType = sourcecode.swift; path = LikeControl.swift; sourceTree = "<group>"; };
		07E419BF2360678A00EF92E6 /* UIViewController+Ext.swift */ = {isa = PBXFileReference; lastKnownFileType = sourcecode.swift; path = "UIViewController+Ext.swift"; sourceTree = "<group>"; };
		07F8E9B6238193B30049B352 /* BigPhotosController.swift */ = {isa = PBXFileReference; lastKnownFileType = sourcecode.swift; path = BigPhotosController.swift; sourceTree = "<group>"; };
		07F93DD923644C4700F6B3B0 /* Default-568h@2x.png */ = {isa = PBXFileReference; lastKnownFileType = image.png; path = "Default-568h@2x.png"; sourceTree = "<group>"; };
		07F93DDC23644C7F00F6B3B0 /* FriendPhotosCell.swift */ = {isa = PBXFileReference; lastKnownFileType = sourcecode.swift; path = FriendPhotosCell.swift; sourceTree = "<group>"; };
		07F99D29237B3DE4002E87ED /* LoadingViewControl.swift */ = {isa = PBXFileReference; lastKnownFileType = sourcecode.swift; path = LoadingViewControl.swift; sourceTree = "<group>"; };
		0A07A5F109F5BB21AF10C6BE /* Pods_vkapp.framework */ = {isa = PBXFileReference; explicitFileType = wrapper.framework; includeInIndex = 0; path = Pods_vkapp.framework; sourceTree = BUILT_PRODUCTS_DIR; };
		BE461D267725FAB4E85E7C7C /* Pods-vkapp.release.xcconfig */ = {isa = PBXFileReference; includeInIndex = 1; lastKnownFileType = text.xcconfig; name = "Pods-vkapp.release.xcconfig"; path = "Target Support Files/Pods-vkapp/Pods-vkapp.release.xcconfig"; sourceTree = "<group>"; };
/* End PBXFileReference section */

/* Begin PBXFrameworksBuildPhase section */
		071097E02358E50100932A4E /* Frameworks */ = {
			isa = PBXFrameworksBuildPhase;
			buildActionMask = 2147483647;
			files = (
				0B29A902B14FAE69065B3C63 /* Pods_vkapp.framework in Frameworks */,
			);
			runOnlyForDeploymentPostprocessing = 0;
		};
/* End PBXFrameworksBuildPhase section */

/* Begin PBXGroup section */
		070732FA23A889BE000D9EC9 /* Friends */ = {
			isa = PBXGroup;
			children = (
				070732FE23A88A1D000D9EC9 /* Model */,
				070732FB23A889D2000D9EC9 /* View */,
				070732FD23A889FC000D9EC9 /* Controller */,
			);
			path = Friends;
			sourceTree = "<group>";
		};
		070732FB23A889D2000D9EC9 /* View */ = {
			isa = PBXGroup;
			children = (
				07F93DDC23644C7F00F6B3B0 /* FriendPhotosCell.swift */,
				07326D2D2375744800548A86 /* FriendsCellProto.swift */,
			);
			path = View;
			sourceTree = "<group>";
		};
		070732FD23A889FC000D9EC9 /* Controller */ = {
			isa = PBXGroup;
			children = (
				0788EE3A23634A0A00379186 /* FriendsPhotoController.swift */,
				07C3721E23773A6400828D30 /* FriendsFormController.swift */,
				07F8E9B6238193B30049B352 /* BigPhotosController.swift */,
			);
			path = Controller;
			sourceTree = "<group>";
		};
		070732FE23A88A1D000D9EC9 /* Model */ = {
			isa = PBXGroup;
			children = (
				0788EE37236341C500379186 /* Friends.swift */,
				07D4C626239CFD51006B8B26 /* Photos.swift */,
			);
			path = Model;
			sourceTree = "<group>";
		};
		070732FF23A88A8B000D9EC9 /* Groups */ = {
			isa = PBXGroup;
			children = (
				0707330023A88A93000D9EC9 /* Model */,
				0707330123A88AAF000D9EC9 /* View */,
				0707330223A88AC4000D9EC9 /* Controller */,
			);
			path = Groups;
			sourceTree = "<group>";
		};
		0707330023A88A93000D9EC9 /* Model */ = {
			isa = PBXGroup;
			children = (
				0769B0F523645F8D0016E6D8 /* Group.swift */,
			);
			path = Model;
			sourceTree = "<group>";
		};
		0707330123A88AAF000D9EC9 /* View */ = {
			isa = PBXGroup;
			children = (
				0769B0F9236460FE0016E6D8 /* GroupsCell.swift */,
			);
			path = View;
			sourceTree = "<group>";
		};
		0707330223A88AC4000D9EC9 /* Controller */ = {
			isa = PBXGroup;
			children = (
				0793234A236228B400394647 /* GroupsController.swift */,
			);
			path = Controller;
			sourceTree = "<group>";
		};
		0707330323A88ADD000D9EC9 /* News */ = {
			isa = PBXGroup;
			children = (
				0707330623A88B00000D9EC9 /* Model */,
				0707330523A88AF5000D9EC9 /* View */,
				0707330423A88AE4000D9EC9 /* Controller */,
			);
			path = News;
			sourceTree = "<group>";
		};
		0707330423A88AE4000D9EC9 /* Controller */ = {
			isa = PBXGroup;
			children = (
				07326D3A2376FDEE00548A86 /* NewsFormController.swift */,
			);
			path = Controller;
			sourceTree = "<group>";
		};
		0707330523A88AF5000D9EC9 /* View */ = {
			isa = PBXGroup;
			children = (
				07326D352376F63E00548A86 /* NewsTableCell.swift */,
				072E6C3423D4483200E03018 /* NewsImageCell.swift */,
				072E6C3823D45C4300E03018 /* NewsShareCell.swift */,
			);
			path = View;
			sourceTree = "<group>";
		};
		0707330623A88B00000D9EC9 /* Model */ = {
			isa = PBXGroup;
			children = (
				07C3721C2377115600828D30 /* News.swift */,
			);
			path = Model;
			sourceTree = "<group>";
		};
		0707330723A88B27000D9EC9 /* Login */ = {
			isa = PBXGroup;
			children = (
				0707330823A88B2C000D9EC9 /* Controller */,
			);
			path = Login;
			sourceTree = "<group>";
		};
		0707330823A88B2C000D9EC9 /* Controller */ = {
			isa = PBXGroup;
			children = (
				071098002358EA2B00932A4E /* LoginFormController.swift */,
			);
			path = Controller;
			sourceTree = "<group>";
		};
		071097DA2358E50100932A4E = {
			isa = PBXGroup;
			children = (
				07F93DD923644C4700F6B3B0 /* Default-568h@2x.png */,
				FA1DEA5FF83E4A19148D58F9 /* Pods */,
				071097E42358E50100932A4E /* Products */,
				071097E52358E50100932A4E /* vkapp */,
				D56490381E4F03E6738BE75C /* Frameworks */,
			);
			sourceTree = "<group>";
		};
		071097E42358E50100932A4E /* Products */ = {
			isa = PBXGroup;
			children = (
				071097E32358E50100932A4E /* vkapp.app */,
			);
			name = Products;
			sourceTree = "<group>";
		};
		071097E52358E50100932A4E /* vkapp */ = {
			isa = PBXGroup;
			children = (
				0707330723A88B27000D9EC9 /* Login */,
				070732FA23A889BE000D9EC9 /* Friends */,
				070732FF23A88A8B000D9EC9 /* Groups */,
				0707330323A88ADD000D9EC9 /* News */,
				07572FD52389826100AB8E01 /* Helpers */,
				07F93DDB23644C6000F6B3B0 /* CustomUIControl */,
				071097E62358E50100932A4E /* AppDelegate.swift */,
				071097E82358E50100932A4E /* SceneDelegate.swift */,
				07A956A523620C980065741F /* Resource */,
				0788EE392363422700379186 /* Models */,
			);
			path = vkapp;
			sourceTree = "<group>";
		};
		072E6C3323D447EA00E03018 /* NewsCell */ = {
			isa = PBXGroup;
			children = (
				07326D362376F63F00548A86 /* NewsTableCell.xib */,
				072E6C3123D4476C00E03018 /* NewsImageCell.xib */,
				072E6C3623D451CA00E03018 /* NewsShareCell.xib */,
			);
			path = NewsCell;
			sourceTree = "<group>";
		};
		07326D392376F64E00548A86 /* XIB */ = {
			isa = PBXGroup;
			children = (
				072E6C3323D447EA00E03018 /* NewsCell */,
				07326D2E2375744800548A86 /* FriendsCellProto.xib */,
			);
			path = XIB;
			sourceTree = "<group>";
		};
		07572FD52389826100AB8E01 /* Helpers */ = {
			isa = PBXGroup;
			children = (
				07572FD62389828100AB8E01 /* CustomInteractAnimator.swift */,
				07572FD82389857000AB8E01 /* CustomNavigationController.swift */,
				0775BC6923B227FB0041FABC /* RealmService.swift */,
				07E419BF2360678A00EF92E6 /* UIViewController+Ext.swift */,
				071A790123BF656500F879B6 /* TabBarController.swift */,
				0725089A23DD755E00921652 /* VKService.swift */,
				0711976323E133E600000FB3 /* GetDataOperation.swift */,
				0711976523E13C2E00000FB3 /* ParseDataOperation.swift */,
			);
			path = Helpers;
			sourceTree = "<group>";
		};
		0788EE392363422700379186 /* Models */ = {
			isa = PBXGroup;
			children = (
				070792292392438B00F728BC /* AppSession.swift */,
				073770C3239BDBA500DB51CB /* User.swift */,
				07BAC68B23C08055008FB3BB /* ColorScheme.swift */,
			);
			path = Models;
			sourceTree = "<group>";
		};
		07A956A523620C980065741F /* Resource */ = {
			isa = PBXGroup;
			children = (
				078BDF1A23BF60C200ECDF57 /* Localizable.strings */,
				078BDF1523BF609A00ECDF57 /* Localizable.strings */,
				07326D392376F64E00548A86 /* XIB */,
				0769B0F3236450680016E6D8 /* Info.plist */,
				071097EF2358E50300932A4E /* Assets.xcassets */,
				071097F12358E50300932A4E /* LaunchScreen.storyboard */,
				07A956A823620D120065741F /* Main.storyboard */,
			);
			path = Resource;
			sourceTree = "<group>";
		};
		07F93DDB23644C6000F6B3B0 /* CustomUIControl */ = {
			isa = PBXGroup;
			children = (
				07F99D29237B3DE4002E87ED /* LoadingViewControl.swift */,
				0779F55D236EA77B008E0A51 /* AvatarView.swift */,
				07E1338B236EF80500FCC49B /* LikeControl.swift */,
				0773D35F2371BD85006AFAA3 /* FriendsSearchControl.swift */,
			);
			path = CustomUIControl;
			sourceTree = "<group>";
		};
		D56490381E4F03E6738BE75C /* Frameworks */ = {
			isa = PBXGroup;
			children = (
				0A07A5F109F5BB21AF10C6BE /* Pods_vkapp.framework */,
			);
			name = Frameworks;
			sourceTree = "<group>";
		};
		FA1DEA5FF83E4A19148D58F9 /* Pods */ = {
			isa = PBXGroup;
			children = (
				04F27D167A5261F62AF139FD /* Pods-vkapp.debug.xcconfig */,
				BE461D267725FAB4E85E7C7C /* Pods-vkapp.release.xcconfig */,
			);
			path = Pods;
			sourceTree = "<group>";
		};
/* End PBXGroup section */

/* Begin PBXNativeTarget section */
		071097E22358E50100932A4E /* vkapp */ = {
			isa = PBXNativeTarget;
			buildConfigurationList = 071097F72358E50300932A4E /* Build configuration list for PBXNativeTarget "vkapp" */;
			buildPhases = (
				23ABE2762AB0BAAEBA80EB09 /* [CP] Check Pods Manifest.lock */,
				071097DF2358E50100932A4E /* Sources */,
				071097E02358E50100932A4E /* Frameworks */,
				071097E12358E50100932A4E /* Resources */,
				9EEDCABCDEEE97A128F09BA2 /* [CP] Embed Pods Frameworks */,
			);
			buildRules = (
			);
			dependencies = (
			);
			name = vkapp;
			productName = weather;
			productReference = 071097E32358E50100932A4E /* vkapp.app */;
			productType = "com.apple.product-type.application";
		};
/* End PBXNativeTarget section */

/* Begin PBXProject section */
		071097DB2358E50100932A4E /* Project object */ = {
			isa = PBXProject;
			attributes = {
				LastSwiftUpdateCheck = 1110;
				LastUpgradeCheck = 1110;
				ORGANIZATIONNAME = "Григорий Мартюшин";
				TargetAttributes = {
					071097E22358E50100932A4E = {
						CreatedOnToolsVersion = 11.1;
					};
				};
			};
			buildConfigurationList = 071097DE2358E50100932A4E /* Build configuration list for PBXProject "vkapp" */;
			compatibilityVersion = "Xcode 9.3";
			developmentRegion = en;
			hasScannedForEncodings = 0;
			knownRegions = (
				en,
				Base,
				ru,
			);
			mainGroup = 071097DA2358E50100932A4E;
			productRefGroup = 071097E42358E50100932A4E /* Products */;
			projectDirPath = "";
			projectRoot = "";
			targets = (
				071097E22358E50100932A4E /* vkapp */,
			);
		};
/* End PBXProject section */

/* Begin PBXResourcesBuildPhase section */
		071097E12358E50100932A4E /* Resources */ = {
			isa = PBXResourcesBuildPhase;
			buildActionMask = 2147483647;
			files = (
				07A956A923620D120065741F /* Main.storyboard in Resources */,
				078BDF1323BF609A00ECDF57 /* Localizable.strings in Resources */,
				072E6C3723D451CA00E03018 /* NewsShareCell.xib in Resources */,
				07326D302375744800548A86 /* FriendsCellProto.xib in Resources */,
				07F93DDA23644C4700F6B3B0 /* Default-568h@2x.png in Resources */,
				071097F32358E50300932A4E /* LaunchScreen.storyboard in Resources */,
				078BDF1823BF60C200ECDF57 /* Localizable.strings in Resources */,
				072E6C3223D4476C00E03018 /* NewsImageCell.xib in Resources */,
				071097F02358E50300932A4E /* Assets.xcassets in Resources */,
				07326D382376F63F00548A86 /* NewsTableCell.xib in Resources */,
			);
			runOnlyForDeploymentPostprocessing = 0;
		};
/* End PBXResourcesBuildPhase section */

/* Begin PBXShellScriptBuildPhase section */
		23ABE2762AB0BAAEBA80EB09 /* [CP] Check Pods Manifest.lock */ = {
			isa = PBXShellScriptBuildPhase;
			buildActionMask = 2147483647;
			files = (
			);
			inputFileListPaths = (
			);
			inputPaths = (
				"${PODS_PODFILE_DIR_PATH}/Podfile.lock",
				"${PODS_ROOT}/Manifest.lock",
			);
			name = "[CP] Check Pods Manifest.lock";
			outputFileListPaths = (
			);
			outputPaths = (
				"$(DERIVED_FILE_DIR)/Pods-vkapp-checkManifestLockResult.txt",
			);
			runOnlyForDeploymentPostprocessing = 0;
			shellPath = /bin/sh;
			shellScript = "diff \"${PODS_PODFILE_DIR_PATH}/Podfile.lock\" \"${PODS_ROOT}/Manifest.lock\" > /dev/null\nif [ $? != 0 ] ; then\n    # print error to STDERR\n    echo \"error: The sandbox is not in sync with the Podfile.lock. Run 'pod install' or update your CocoaPods installation.\" >&2\n    exit 1\nfi\n# This output is used by Xcode 'outputs' to avoid re-running this script phase.\necho \"SUCCESS\" > \"${SCRIPT_OUTPUT_FILE_0}\"\n";
			showEnvVarsInLog = 0;
		};
		9EEDCABCDEEE97A128F09BA2 /* [CP] Embed Pods Frameworks */ = {
			isa = PBXShellScriptBuildPhase;
			buildActionMask = 2147483647;
			files = (
			);
			inputFileListPaths = (
				"${PODS_ROOT}/Target Support Files/Pods-vkapp/Pods-vkapp-frameworks-${CONFIGURATION}-input-files.xcfilelist",
			);
			name = "[CP] Embed Pods Frameworks";
			outputFileListPaths = (
				"${PODS_ROOT}/Target Support Files/Pods-vkapp/Pods-vkapp-frameworks-${CONFIGURATION}-output-files.xcfilelist",
			);
			runOnlyForDeploymentPostprocessing = 0;
			shellPath = /bin/sh;
			shellScript = "\"${PODS_ROOT}/Target Support Files/Pods-vkapp/Pods-vkapp-frameworks.sh\"\n";
			showEnvVarsInLog = 0;
		};
/* End PBXShellScriptBuildPhase section */

/* Begin PBXSourcesBuildPhase section */
		071097DF2358E50100932A4E /* Sources */ = {
			isa = PBXSourcesBuildPhase;
			buildActionMask = 2147483647;
			files = (
				0788EE3B23634A0A00379186 /* FriendsPhotoController.swift in Sources */,
				071098012358EA2B00932A4E /* LoginFormController.swift in Sources */,
				07E1338C236EF80500FCC49B /* LikeControl.swift in Sources */,
				07C3721F23773A6400828D30 /* FriendsFormController.swift in Sources */,
				0773D3602371BD85006AFAA3 /* FriendsSearchControl.swift in Sources */,
				073770C4239BDBA500DB51CB /* User.swift in Sources */,
				07F8E9B7238193B30049B352 /* BigPhotosController.swift in Sources */,
				0769B0F623645F8D0016E6D8 /* Group.swift in Sources */,
				07BAC68C23C08055008FB3BB /* ColorScheme.swift in Sources */,
				07F99D2A237B3DE4002E87ED /* LoadingViewControl.swift in Sources */,
				0779F55E236EA77B008E0A51 /* AvatarView.swift in Sources */,
				0707922A2392438B00F728BC /* AppSession.swift in Sources */,
				0769B0FA236460FE0016E6D8 /* GroupsCell.swift in Sources */,
				0775BC6A23B227FB0041FABC /* RealmService.swift in Sources */,
				0793234B236228B400394647 /* GroupsController.swift in Sources */,
				07572FD92389857000AB8E01 /* CustomNavigationController.swift in Sources */,
				07326D372376F63F00548A86 /* NewsTableCell.swift in Sources */,
				07326D2F2375744800548A86 /* FriendsCellProto.swift in Sources */,
				07326D3B2376FDEE00548A86 /* NewsFormController.swift in Sources */,
				072E6C3523D4483200E03018 /* NewsImageCell.swift in Sources */,
				0788EE38236341C500379186 /* Friends.swift in Sources */,
				07D4C627239CFD51006B8B26 /* Photos.swift in Sources */,
				072E6C3923D45C4300E03018 /* NewsShareCell.swift in Sources */,
				071097E72358E50100932A4E /* AppDelegate.swift in Sources */,
				07E419C02360678A00EF92E6 /* UIViewController+Ext.swift in Sources */,
				071097E92358E50100932A4E /* SceneDelegate.swift in Sources */,
				07C3721D2377115600828D30 /* News.swift in Sources */,
				0725089B23DD755E00921652 /* VKService.swift in Sources */,
				0711976423E133E600000FB3 /* GetDataOperation.swift in Sources */,
				071A790223BF656500F879B6 /* TabBarController.swift in Sources */,
				0711976623E13C2E00000FB3 /* ParseDataOperation.swift in Sources */,
				07572FD72389828100AB8E01 /* CustomInteractAnimator.swift in Sources */,
				07F93DDD23644C7F00F6B3B0 /* FriendPhotosCell.swift in Sources */,
			);
			runOnlyForDeploymentPostprocessing = 0;
		};
/* End PBXSourcesBuildPhase section */

/* Begin PBXVariantGroup section */
		071097F12358E50300932A4E /* LaunchScreen.storyboard */ = {
			isa = PBXVariantGroup;
			children = (
				071097F22358E50300932A4E /* Base */,
				078BDF1023BF604C00ECDF57 /* ru */,
			);
			name = LaunchScreen.storyboard;
			sourceTree = "<group>";
		};
		078BDF1523BF609A00ECDF57 /* Localizable.strings */ = {
			isa = PBXVariantGroup;
			children = (
				078BDF1423BF609A00ECDF57 /* en */,
			);
			name = Localizable.strings;
			sourceTree = "<group>";
		};
		078BDF1A23BF60C200ECDF57 /* Localizable.strings */ = {
			isa = PBXVariantGroup;
			children = (
				078BDF1923BF60C200ECDF57 /* ru */,
			);
			name = Localizable.strings;
			sourceTree = "<group>";
		};
/* End PBXVariantGroup section */

/* Begin XCBuildConfiguration section */
		071097F52358E50300932A4E /* Debug */ = {
			isa = XCBuildConfiguration;
			buildSettings = {
				ALWAYS_SEARCH_USER_PATHS = NO;
				CLANG_ANALYZER_LOCALIZABILITY_NONLOCALIZED = YES;
				CLANG_ANALYZER_NONNULL = YES;
				CLANG_ANALYZER_NUMBER_OBJECT_CONVERSION = YES_AGGRESSIVE;
				CLANG_CXX_LANGUAGE_STANDARD = "gnu++14";
				CLANG_CXX_LIBRARY = "libc++";
				CLANG_ENABLE_MODULES = YES;
				CLANG_ENABLE_OBJC_ARC = YES;
				CLANG_ENABLE_OBJC_WEAK = YES;
				CLANG_WARN_BLOCK_CAPTURE_AUTORELEASING = YES;
				CLANG_WARN_BOOL_CONVERSION = YES;
				CLANG_WARN_COMMA = YES;
				CLANG_WARN_CONSTANT_CONVERSION = YES;
				CLANG_WARN_DEPRECATED_OBJC_IMPLEMENTATIONS = YES;
				CLANG_WARN_DIRECT_OBJC_ISA_USAGE = YES_ERROR;
				CLANG_WARN_DOCUMENTATION_COMMENTS = YES;
				CLANG_WARN_EMPTY_BODY = YES;
				CLANG_WARN_ENUM_CONVERSION = YES;
				CLANG_WARN_INFINITE_RECURSION = YES;
				CLANG_WARN_INT_CONVERSION = YES;
				CLANG_WARN_NON_LITERAL_NULL_CONVERSION = YES;
				CLANG_WARN_OBJC_IMPLICIT_RETAIN_SELF = YES;
				CLANG_WARN_OBJC_LITERAL_CONVERSION = YES;
				CLANG_WARN_OBJC_ROOT_CLASS = YES_ERROR;
				CLANG_WARN_RANGE_LOOP_ANALYSIS = YES;
				CLANG_WARN_STRICT_PROTOTYPES = YES;
				CLANG_WARN_SUSPICIOUS_MOVE = YES;
				CLANG_WARN_UNGUARDED_AVAILABILITY = YES_AGGRESSIVE;
				CLANG_WARN_UNREACHABLE_CODE = YES;
				CLANG_WARN__DUPLICATE_METHOD_MATCH = YES;
				COPY_PHASE_STRIP = NO;
				DEBUG_INFORMATION_FORMAT = dwarf;
				ENABLE_STRICT_OBJC_MSGSEND = YES;
				ENABLE_TESTABILITY = YES;
				FRAMEWORK_SEARCH_PATHS = "$(SRCROOT)/**";
				GCC_C_LANGUAGE_STANDARD = gnu11;
				GCC_DYNAMIC_NO_PIC = NO;
				GCC_NO_COMMON_BLOCKS = YES;
				GCC_OPTIMIZATION_LEVEL = 0;
				GCC_PREPROCESSOR_DEFINITIONS = (
					"DEBUG=1",
					"$(inherited)",
				);
				GCC_WARN_64_TO_32_BIT_CONVERSION = YES;
				GCC_WARN_ABOUT_RETURN_TYPE = YES_ERROR;
				GCC_WARN_UNDECLARED_SELECTOR = YES;
				GCC_WARN_UNINITIALIZED_AUTOS = YES_AGGRESSIVE;
				GCC_WARN_UNUSED_FUNCTION = YES;
				GCC_WARN_UNUSED_VARIABLE = YES;
				IPHONEOS_DEPLOYMENT_TARGET = 13.1;
				MTL_ENABLE_DEBUG_INFO = INCLUDE_SOURCE;
				MTL_FAST_MATH = YES;
				ONLY_ACTIVE_ARCH = YES;
				SDKROOT = iphoneos;
				SWIFT_ACTIVE_COMPILATION_CONDITIONS = DEBUG;
				SWIFT_OPTIMIZATION_LEVEL = "-Onone";
			};
			name = Debug;
		};
		071097F62358E50300932A4E /* Release */ = {
			isa = XCBuildConfiguration;
			buildSettings = {
				ALWAYS_SEARCH_USER_PATHS = NO;
				CLANG_ANALYZER_LOCALIZABILITY_NONLOCALIZED = YES;
				CLANG_ANALYZER_NONNULL = YES;
				CLANG_ANALYZER_NUMBER_OBJECT_CONVERSION = YES_AGGRESSIVE;
				CLANG_CXX_LANGUAGE_STANDARD = "gnu++14";
				CLANG_CXX_LIBRARY = "libc++";
				CLANG_ENABLE_MODULES = YES;
				CLANG_ENABLE_OBJC_ARC = YES;
				CLANG_ENABLE_OBJC_WEAK = YES;
				CLANG_WARN_BLOCK_CAPTURE_AUTORELEASING = YES;
				CLANG_WARN_BOOL_CONVERSION = YES;
				CLANG_WARN_COMMA = YES;
				CLANG_WARN_CONSTANT_CONVERSION = YES;
				CLANG_WARN_DEPRECATED_OBJC_IMPLEMENTATIONS = YES;
				CLANG_WARN_DIRECT_OBJC_ISA_USAGE = YES_ERROR;
				CLANG_WARN_DOCUMENTATION_COMMENTS = YES;
				CLANG_WARN_EMPTY_BODY = YES;
				CLANG_WARN_ENUM_CONVERSION = YES;
				CLANG_WARN_INFINITE_RECURSION = YES;
				CLANG_WARN_INT_CONVERSION = YES;
				CLANG_WARN_NON_LITERAL_NULL_CONVERSION = YES;
				CLANG_WARN_OBJC_IMPLICIT_RETAIN_SELF = YES;
				CLANG_WARN_OBJC_LITERAL_CONVERSION = YES;
				CLANG_WARN_OBJC_ROOT_CLASS = YES_ERROR;
				CLANG_WARN_RANGE_LOOP_ANALYSIS = YES;
				CLANG_WARN_STRICT_PROTOTYPES = YES;
				CLANG_WARN_SUSPICIOUS_MOVE = YES;
				CLANG_WARN_UNGUARDED_AVAILABILITY = YES_AGGRESSIVE;
				CLANG_WARN_UNREACHABLE_CODE = YES;
				CLANG_WARN__DUPLICATE_METHOD_MATCH = YES;
				COPY_PHASE_STRIP = NO;
				DEBUG_INFORMATION_FORMAT = "dwarf-with-dsym";
				ENABLE_NS_ASSERTIONS = NO;
				ENABLE_STRICT_OBJC_MSGSEND = YES;
				FRAMEWORK_SEARCH_PATHS = "$(SRCROOT)/**";
				GCC_C_LANGUAGE_STANDARD = gnu11;
				GCC_NO_COMMON_BLOCKS = YES;
				GCC_WARN_64_TO_32_BIT_CONVERSION = YES;
				GCC_WARN_ABOUT_RETURN_TYPE = YES_ERROR;
				GCC_WARN_UNDECLARED_SELECTOR = YES;
				GCC_WARN_UNINITIALIZED_AUTOS = YES_AGGRESSIVE;
				GCC_WARN_UNUSED_FUNCTION = YES;
				GCC_WARN_UNUSED_VARIABLE = YES;
				IPHONEOS_DEPLOYMENT_TARGET = 13.1;
				MTL_ENABLE_DEBUG_INFO = NO;
				MTL_FAST_MATH = YES;
				SDKROOT = iphoneos;
				SWIFT_COMPILATION_MODE = wholemodule;
				SWIFT_OPTIMIZATION_LEVEL = "-O";
				VALIDATE_PRODUCT = YES;
			};
			name = Release;
		};
		071097F82358E50300932A4E /* Debug */ = {
			isa = XCBuildConfiguration;
			baseConfigurationReference = 04F27D167A5261F62AF139FD /* Pods-vkapp.debug.xcconfig */;
			buildSettings = {
				ASSETCATALOG_COMPILER_APPICON_NAME = AppIcon;
				CODE_SIGN_STYLE = Automatic;
				DEVELOPMENT_TEAM = 4GGD352K79;
				GCC_NO_COMMON_BLOCKS = YES;
				INFOPLIST_FILE = vkapp/Resource/Info.plist;
				LD_RUNPATH_SEARCH_PATHS = (
					"$(inherited)",
					"@executable_path/Frameworks",
				);
				OTHER_LDFLAGS = (
					"$(inherited)",
					"-l\"c++\"",
					"-l\"z\"",
					"-framework",
					"\"Accelerate\"",
					"-framework",
					"\"Alamofire\"",
					"-framework",
					"\"CFNetwork\"",
					"-framework",
					"\"Foundation\"",
					"-framework",
					"\"Kingfisher\"",
					"-framework",
					"\"PromiseKit\"",
					"-framework",
					"\"Realm\"",
					"-framework",
					"\"RealmSwift\"",
					"-framework",
					"\"Security\"",
					"-framework",
					"\"SwiftyJSON\"",
					"-framework",
					"\"UIKit\"",
					"-ObjC",
				);
				PRODUCT_BUNDLE_IDENTIFIER = mcemga.vkapp;
				PRODUCT_NAME = vkapp;
				SWIFT_VERSION = 5.0;
				TARGETED_DEVICE_FAMILY = "1,2";
			};
			name = Debug;
		};
		071097F92358E50300932A4E /* Release */ = {
			isa = XCBuildConfiguration;
			baseConfigurationReference = BE461D267725FAB4E85E7C7C /* Pods-vkapp.release.xcconfig */;
			buildSettings = {
				ASSETCATALOG_COMPILER_APPICON_NAME = AppIcon;
				CODE_SIGN_STYLE = Automatic;
				DEVELOPMENT_TEAM = 4GGD352K79;
				GCC_NO_COMMON_BLOCKS = YES;
				INFOPLIST_FILE = vkapp/Resource/Info.plist;
				LD_RUNPATH_SEARCH_PATHS = (
					"$(inherited)",
					"@executable_path/Frameworks",
				);
				OTHER_LDFLAGS = (
					"$(inherited)",
					"-l\"c++\"",
					"-l\"z\"",
					"-framework",
					"\"Accelerate\"",
					"-framework",
					"\"Alamofire\"",
					"-framework",
					"\"CFNetwork\"",
					"-framework",
					"\"Foundation\"",
					"-framework",
					"\"Kingfisher\"",
					"-framework",
					"\"PromiseKit\"",
					"-framework",
					"\"Realm\"",
					"-framework",
					"\"RealmSwift\"",
					"-framework",
					"\"Security\"",
					"-framework",
					"\"SwiftyJSON\"",
					"-framework",
					"\"UIKit\"",
					"-ObjC",
				);
				PRODUCT_BUNDLE_IDENTIFIER = mcemga.vkapp;
				PRODUCT_NAME = vkapp;
				SWIFT_VERSION = 5.0;
				TARGETED_DEVICE_FAMILY = "1,2";
			};
			name = Release;
		};
/* End XCBuildConfiguration section */

/* Begin XCConfigurationList section */
		071097DE2358E50100932A4E /* Build configuration list for PBXProject "vkapp" */ = {
			isa = XCConfigurationList;
			buildConfigurations = (
				071097F52358E50300932A4E /* Debug */,
				071097F62358E50300932A4E /* Release */,
			);
			defaultConfigurationIsVisible = 0;
			defaultConfigurationName = Release;
		};
		071097F72358E50300932A4E /* Build configuration list for PBXNativeTarget "vkapp" */ = {
			isa = XCConfigurationList;
			buildConfigurations = (
				071097F82358E50300932A4E /* Debug */,
				071097F92358E50300932A4E /* Release */,
			);
			defaultConfigurationIsVisible = 0;
			defaultConfigurationName = Release;
		};
/* End XCConfigurationList section */
	};
	rootObject = 071097DB2358E50100932A4E /* Project object */;
}
