// !$*UTF8*$!
{
	archiveVersion = 1;
	classes = {
	};
	objectVersion = 50;
	objects = {

/* Begin PBXBuildFile section */
		071E870C2486684B0036A0E6 /* TabBarBuilder.swift in Sources */ = {isa = PBXBuildFile; fileRef = 071E870B2486684B0036A0E6 /* TabBarBuilder.swift */; };
		071E870E24866D2E0036A0E6 /* GroupListView.swift in Sources */ = {isa = PBXBuildFile; fileRef = 071E870D24866D2E0036A0E6 /* GroupListView.swift */; };
		071E87102486705F0036A0E6 /* Group.swift in Sources */ = {isa = PBXBuildFile; fileRef = 071E870F2486705F0036A0E6 /* Group.swift */; };
		071E8712248679FC0036A0E6 /* GroupListCell.swift in Sources */ = {isa = PBXBuildFile; fileRef = 071E8711248679FC0036A0E6 /* GroupListCell.swift */; };
		0746AFAD24607A55000223F8 /* FriendsTableViewCell.swift in Sources */ = {isa = PBXBuildFile; fileRef = 0746AFAC24607A55000223F8 /* FriendsTableViewCell.swift */; };
		0746AFAF24607B53000223F8 /* Friends.swift in Sources */ = {isa = PBXBuildFile; fileRef = 0746AFAE24607B53000223F8 /* Friends.swift */; };
		074C5CC5248696B500DFCC9A /* NewsListView.swift in Sources */ = {isa = PBXBuildFile; fileRef = 074C5CC4248696B500DFCC9A /* NewsListView.swift */; };
		074C5CCB24869A9400DFCC9A /* NewsHeadCell.swift in Sources */ = {isa = PBXBuildFile; fileRef = 074C5CCA24869A9400DFCC9A /* NewsHeadCell.swift */; };
		074C5CCD2486A3A600DFCC9A /* NewsImageContentCell.swift in Sources */ = {isa = PBXBuildFile; fileRef = 074C5CCC2486A3A600DFCC9A /* NewsImageContentCell.swift */; };
		074C5CCF2486A56A00DFCC9A /* NewsShareCell.swift in Sources */ = {isa = PBXBuildFile; fileRef = 074C5CCE2486A56A00DFCC9A /* NewsShareCell.swift */; };
		0759F752245C5DC4005541B2 /* UIViewController+Ext.swift in Sources */ = {isa = PBXBuildFile; fileRef = 0759F751245C5DC3005541B2 /* UIViewController+Ext.swift */; };
		0759F754245C6181005541B2 /* AppSession.swift in Sources */ = {isa = PBXBuildFile; fileRef = 0759F753245C6181005541B2 /* AppSession.swift */; };
		0759F75A245C6690005541B2 /* FriendsListController.swift in Sources */ = {isa = PBXBuildFile; fileRef = 0759F759245C6690005541B2 /* FriendsListController.swift */; };
		075DFAD4248D15770068D77E /* AvatarControll.swift in Sources */ = {isa = PBXBuildFile; fileRef = 075DFAD3248D15770068D77E /* AvatarControll.swift */; };
		075DFAD6248E10F80068D77E /* LikeControll.swift in Sources */ = {isa = PBXBuildFile; fileRef = 075DFAD5248E10F80068D77E /* LikeControll.swift */; };
		075DFAD8248E32400068D77E /* SharedControll.swift in Sources */ = {isa = PBXBuildFile; fileRef = 075DFAD7248E32400068D77E /* SharedControll.swift */; };
		075DFAE0248E4C980068D77E /* TabBarController.swift in Sources */ = {isa = PBXBuildFile; fileRef = 075DFADF248E4C980068D77E /* TabBarController.swift */; };
		075DFAE2248E78FC0068D77E /* ContainerController.swift in Sources */ = {isa = PBXBuildFile; fileRef = 075DFAE1248E78FC0068D77E /* ContainerController.swift */; };
		075DFAE4248E7ABC0068D77E /* MenuViewController.swift in Sources */ = {isa = PBXBuildFile; fileRef = 075DFAE3248E7ABC0068D77E /* MenuViewController.swift */; };
		075DFAE9248E8DEB0068D77E /* MenuView.swift in Sources */ = {isa = PBXBuildFile; fileRef = 075DFAE8248E8DEB0068D77E /* MenuView.swift */; };
		075E301D245DBBB600FFA13B /* LoadingControll.swift in Sources */ = {isa = PBXBuildFile; fileRef = 075E301C245DBBB600FFA13B /* LoadingControll.swift */; };
		077C85522490DCB7007199AC /* KeychainService.swift in Sources */ = {isa = PBXBuildFile; fileRef = 077C85512490DCB7007199AC /* KeychainService.swift */; };
		077C85572490F234007199AC /* localizable.strings in Resources */ = {isa = PBXBuildFile; fileRef = 077C85562490F234007199AC /* localizable.strings */; };
		07ACF9A62460294900C755EA /* GroupsListController.swift in Sources */ = {isa = PBXBuildFile; fileRef = 07ACF9A52460294900C755EA /* GroupsListController.swift */; };
		07ACF9AC2460299800C755EA /* NewsListController.swift in Sources */ = {isa = PBXBuildFile; fileRef = 07ACF9AB2460299800C755EA /* NewsListController.swift */; };
		07ACF9AE24602C1400C755EA /* NetworkService.swift in Sources */ = {isa = PBXBuildFile; fileRef = 07ACF9AD24602C1400C755EA /* NetworkService.swift */; };
		07ACF9B024604C3300C755EA /* FriendsListView.swift in Sources */ = {isa = PBXBuildFile; fileRef = 07ACF9AF24604C3300C755EA /* FriendsListView.swift */; };
		07B286E8248BFD2000BD0FD6 /* News.swift in Sources */ = {isa = PBXBuildFile; fileRef = 07B286E7248BFD2000BD0FD6 /* News.swift */; };
		07B67655245ADEB500EB5BBD /* AppDelegate.swift in Sources */ = {isa = PBXBuildFile; fileRef = 07B67654245ADEB500EB5BBD /* AppDelegate.swift */; };
		07B6765E245ADEB700EB5BBD /* Assets.xcassets in Resources */ = {isa = PBXBuildFile; fileRef = 07B6765D245ADEB700EB5BBD /* Assets.xcassets */; };
		07B67661245ADEB700EB5BBD /* LaunchScreen.storyboard in Resources */ = {isa = PBXBuildFile; fileRef = 07B6765F245ADEB700EB5BBD /* LaunchScreen.storyboard */; };
		07B6766A245ADF5F00EB5BBD /* AppManager.swift in Sources */ = {isa = PBXBuildFile; fileRef = 07B67669245ADF5F00EB5BBD /* AppManager.swift */; };
		07B67671245AE10300EB5BBD /* LoginViewController.swift in Sources */ = {isa = PBXBuildFile; fileRef = 07B67670245AE10300EB5BBD /* LoginViewController.swift */; };
		07B67673245AE11300EB5BBD /* LoginView.swift in Sources */ = {isa = PBXBuildFile; fileRef = 07B67672245AE11300EB5BBD /* LoginView.swift */; };
		07B67675245B050A00EB5BBD /* SceneDelegate.swift in Sources */ = {isa = PBXBuildFile; fileRef = 07B67674245B050A00EB5BBD /* SceneDelegate.swift */; };
		07B67678245B0FA200EB5BBD /* ColorScheme.swift in Sources */ = {isa = PBXBuildFile; fileRef = 07B67677245B0FA200EB5BBD /* ColorScheme.swift */; };
		07B6767B245C51A600EB5BBD /* VKService.swift in Sources */ = {isa = PBXBuildFile; fileRef = 07B6767A245C51A600EB5BBD /* VKService.swift */; };
		07CF72E824893EE9002A884F /* FriendDetailController.swift in Sources */ = {isa = PBXBuildFile; fileRef = 07CF72E724893EE9002A884F /* FriendDetailController.swift */; };
		07CF72EA24893F01002A884F /* FriendDetailView.swift in Sources */ = {isa = PBXBuildFile; fileRef = 07CF72E924893F01002A884F /* FriendDetailView.swift */; };
		07CF72EC248944B8002A884F /* FriendDetailCell.swift in Sources */ = {isa = PBXBuildFile; fileRef = 07CF72EB248944B8002A884F /* FriendDetailCell.swift */; };
		07CF72EE24894A52002A884F /* Photo.swift in Sources */ = {isa = PBXBuildFile; fileRef = 07CF72ED24894A52002A884F /* Photo.swift */; };
		07CF72F1248A45E8002A884F /* CustomCollectionViewLayout.swift in Sources */ = {isa = PBXBuildFile; fileRef = 07CF72F0248A45E8002A884F /* CustomCollectionViewLayout.swift */; };
		07CF72F8248A89BC002A884F /* FriendPhotoController.swift in Sources */ = {isa = PBXBuildFile; fileRef = 07CF72F7248A89BC002A884F /* FriendPhotoController.swift */; };
		07CF72FA248A89E4002A884F /* FriendPhotoView.swift in Sources */ = {isa = PBXBuildFile; fileRef = 07CF72F9248A89E4002A884F /* FriendPhotoView.swift */; };
		07CF72FC248B44D2002A884F /* PhotoService.swift in Sources */ = {isa = PBXBuildFile; fileRef = 07CF72FB248B44D2002A884F /* PhotoService.swift */; };
		07CF72FE248B5CD1002A884F /* TokenCheck.swift in Sources */ = {isa = PBXBuildFile; fileRef = 07CF72FD248B5CD1002A884F /* TokenCheck.swift */; };
/* End PBXBuildFile section */

/* Begin PBXFileReference section */
		071E870B2486684B0036A0E6 /* TabBarBuilder.swift */ = {isa = PBXFileReference; lastKnownFileType = sourcecode.swift; path = TabBarBuilder.swift; sourceTree = "<group>"; };
		071E870D24866D2E0036A0E6 /* GroupListView.swift */ = {isa = PBXFileReference; lastKnownFileType = sourcecode.swift; path = GroupListView.swift; sourceTree = "<group>"; };
		071E870F2486705F0036A0E6 /* Group.swift */ = {isa = PBXFileReference; lastKnownFileType = sourcecode.swift; path = Group.swift; sourceTree = "<group>"; };
		071E8711248679FC0036A0E6 /* GroupListCell.swift */ = {isa = PBXFileReference; lastKnownFileType = sourcecode.swift; path = GroupListCell.swift; sourceTree = "<group>"; };
		0746AFAC24607A55000223F8 /* FriendsTableViewCell.swift */ = {isa = PBXFileReference; lastKnownFileType = sourcecode.swift; path = FriendsTableViewCell.swift; sourceTree = "<group>"; };
		0746AFAE24607B53000223F8 /* Friends.swift */ = {isa = PBXFileReference; lastKnownFileType = sourcecode.swift; path = Friends.swift; sourceTree = "<group>"; };
		074C5CC4248696B500DFCC9A /* NewsListView.swift */ = {isa = PBXFileReference; lastKnownFileType = sourcecode.swift; path = NewsListView.swift; sourceTree = "<group>"; };
		074C5CCA24869A9400DFCC9A /* NewsHeadCell.swift */ = {isa = PBXFileReference; lastKnownFileType = sourcecode.swift; path = NewsHeadCell.swift; sourceTree = "<group>"; };
		074C5CCC2486A3A600DFCC9A /* NewsImageContentCell.swift */ = {isa = PBXFileReference; lastKnownFileType = sourcecode.swift; path = NewsImageContentCell.swift; sourceTree = "<group>"; };
		074C5CCE2486A56A00DFCC9A /* NewsShareCell.swift */ = {isa = PBXFileReference; lastKnownFileType = sourcecode.swift; path = NewsShareCell.swift; sourceTree = "<group>"; };
		0759F751245C5DC3005541B2 /* UIViewController+Ext.swift */ = {isa = PBXFileReference; lastKnownFileType = sourcecode.swift; path = "UIViewController+Ext.swift"; sourceTree = "<group>"; };
		0759F753245C6181005541B2 /* AppSession.swift */ = {isa = PBXFileReference; lastKnownFileType = sourcecode.swift; path = AppSession.swift; sourceTree = "<group>"; };
		0759F759245C6690005541B2 /* FriendsListController.swift */ = {isa = PBXFileReference; lastKnownFileType = sourcecode.swift; path = FriendsListController.swift; sourceTree = "<group>"; };
		075DFAD3248D15770068D77E /* AvatarControll.swift */ = {isa = PBXFileReference; lastKnownFileType = sourcecode.swift; path = AvatarControll.swift; sourceTree = "<group>"; };
		075DFAD5248E10F80068D77E /* LikeControll.swift */ = {isa = PBXFileReference; lastKnownFileType = sourcecode.swift; path = LikeControll.swift; sourceTree = "<group>"; };
		075DFAD7248E32400068D77E /* SharedControll.swift */ = {isa = PBXFileReference; lastKnownFileType = sourcecode.swift; path = SharedControll.swift; sourceTree = "<group>"; };
		075DFADF248E4C980068D77E /* TabBarController.swift */ = {isa = PBXFileReference; fileEncoding = 4; lastKnownFileType = sourcecode.swift; path = TabBarController.swift; sourceTree = "<group>"; };
		075DFAE1248E78FC0068D77E /* ContainerController.swift */ = {isa = PBXFileReference; lastKnownFileType = sourcecode.swift; path = ContainerController.swift; sourceTree = "<group>"; };
		075DFAE3248E7ABC0068D77E /* MenuViewController.swift */ = {isa = PBXFileReference; lastKnownFileType = sourcecode.swift; path = MenuViewController.swift; sourceTree = "<group>"; };
		075DFAE8248E8DEB0068D77E /* MenuView.swift */ = {isa = PBXFileReference; lastKnownFileType = sourcecode.swift; path = MenuView.swift; sourceTree = "<group>"; };
		075E301C245DBBB600FFA13B /* LoadingControll.swift */ = {isa = PBXFileReference; lastKnownFileType = sourcecode.swift; path = LoadingControll.swift; sourceTree = "<group>"; };
		077C85512490DCB7007199AC /* KeychainService.swift */ = {isa = PBXFileReference; lastKnownFileType = sourcecode.swift; path = KeychainService.swift; sourceTree = "<group>"; };
		077C85552490F212007199AC /* ru */ = {isa = PBXFileReference; lastKnownFileType = text.plist.strings; name = ru; path = ru.lproj/LaunchScreen.strings; sourceTree = "<group>"; };
		077C85562490F234007199AC /* localizable.strings */ = {isa = PBXFileReference; lastKnownFileType = text.plist.strings; path = localizable.strings; sourceTree = "<group>"; };
		07ACF9A52460294900C755EA /* GroupsListController.swift */ = {isa = PBXFileReference; lastKnownFileType = sourcecode.swift; path = GroupsListController.swift; sourceTree = "<group>"; };
		07ACF9AB2460299800C755EA /* NewsListController.swift */ = {isa = PBXFileReference; lastKnownFileType = sourcecode.swift; path = NewsListController.swift; sourceTree = "<group>"; };
		07ACF9AD24602C1400C755EA /* NetworkService.swift */ = {isa = PBXFileReference; lastKnownFileType = sourcecode.swift; path = NetworkService.swift; sourceTree = "<group>"; };
		07ACF9AF24604C3300C755EA /* FriendsListView.swift */ = {isa = PBXFileReference; lastKnownFileType = sourcecode.swift; path = FriendsListView.swift; sourceTree = "<group>"; };
		07B286E7248BFD2000BD0FD6 /* News.swift */ = {isa = PBXFileReference; lastKnownFileType = sourcecode.swift; path = News.swift; sourceTree = "<group>"; };
		07B67651245ADEB500EB5BBD /* VKApp.app */ = {isa = PBXFileReference; explicitFileType = wrapper.application; includeInIndex = 0; path = VKApp.app; sourceTree = BUILT_PRODUCTS_DIR; };
		07B67654245ADEB500EB5BBD /* AppDelegate.swift */ = {isa = PBXFileReference; lastKnownFileType = sourcecode.swift; path = AppDelegate.swift; sourceTree = "<group>"; };
		07B6765D245ADEB700EB5BBD /* Assets.xcassets */ = {isa = PBXFileReference; lastKnownFileType = folder.assetcatalog; path = Assets.xcassets; sourceTree = "<group>"; };
		07B67660245ADEB700EB5BBD /* Base */ = {isa = PBXFileReference; lastKnownFileType = file.storyboard; name = Base; path = Base.lproj/LaunchScreen.storyboard; sourceTree = "<group>"; };
		07B67662245ADEB700EB5BBD /* Info.plist */ = {isa = PBXFileReference; lastKnownFileType = text.plist.xml; path = Info.plist; sourceTree = "<group>"; };
		07B67669245ADF5F00EB5BBD /* AppManager.swift */ = {isa = PBXFileReference; lastKnownFileType = sourcecode.swift; path = AppManager.swift; sourceTree = "<group>"; };
		07B67670245AE10300EB5BBD /* LoginViewController.swift */ = {isa = PBXFileReference; lastKnownFileType = sourcecode.swift; path = LoginViewController.swift; sourceTree = "<group>"; };
		07B67672245AE11300EB5BBD /* LoginView.swift */ = {isa = PBXFileReference; lastKnownFileType = sourcecode.swift; path = LoginView.swift; sourceTree = "<group>"; };
		07B67674245B050A00EB5BBD /* SceneDelegate.swift */ = {isa = PBXFileReference; fileEncoding = 4; lastKnownFileType = sourcecode.swift; path = SceneDelegate.swift; sourceTree = "<group>"; };
		07B67677245B0FA200EB5BBD /* ColorScheme.swift */ = {isa = PBXFileReference; lastKnownFileType = sourcecode.swift; path = ColorScheme.swift; sourceTree = "<group>"; };
		07B6767A245C51A600EB5BBD /* VKService.swift */ = {isa = PBXFileReference; lastKnownFileType = sourcecode.swift; path = VKService.swift; sourceTree = "<group>"; };
		07CF72E724893EE9002A884F /* FriendDetailController.swift */ = {isa = PBXFileReference; lastKnownFileType = sourcecode.swift; path = FriendDetailController.swift; sourceTree = "<group>"; };
		07CF72E924893F01002A884F /* FriendDetailView.swift */ = {isa = PBXFileReference; lastKnownFileType = sourcecode.swift; path = FriendDetailView.swift; sourceTree = "<group>"; };
		07CF72EB248944B8002A884F /* FriendDetailCell.swift */ = {isa = PBXFileReference; lastKnownFileType = sourcecode.swift; path = FriendDetailCell.swift; sourceTree = "<group>"; };
		07CF72ED24894A52002A884F /* Photo.swift */ = {isa = PBXFileReference; lastKnownFileType = sourcecode.swift; path = Photo.swift; sourceTree = "<group>"; };
		07CF72F0248A45E8002A884F /* CustomCollectionViewLayout.swift */ = {isa = PBXFileReference; lastKnownFileType = sourcecode.swift; path = CustomCollectionViewLayout.swift; sourceTree = "<group>"; };
		07CF72F7248A89BC002A884F /* FriendPhotoController.swift */ = {isa = PBXFileReference; lastKnownFileType = sourcecode.swift; path = FriendPhotoController.swift; sourceTree = "<group>"; };
		07CF72F9248A89E4002A884F /* FriendPhotoView.swift */ = {isa = PBXFileReference; lastKnownFileType = sourcecode.swift; path = FriendPhotoView.swift; sourceTree = "<group>"; };
		07CF72FB248B44D2002A884F /* PhotoService.swift */ = {isa = PBXFileReference; lastKnownFileType = sourcecode.swift; path = PhotoService.swift; sourceTree = "<group>"; };
		07CF72FD248B5CD1002A884F /* TokenCheck.swift */ = {isa = PBXFileReference; lastKnownFileType = sourcecode.swift; path = TokenCheck.swift; sourceTree = "<group>"; };
/* End PBXFileReference section */

/* Begin PBXFrameworksBuildPhase section */
		07B6764E245ADEB500EB5BBD /* Frameworks */ = {
			isa = PBXFrameworksBuildPhase;
			buildActionMask = 2147483647;
			files = (
			);
			runOnlyForDeploymentPostprocessing = 0;
		};
/* End PBXFrameworksBuildPhase section */

/* Begin PBXGroup section */
		0759F755245C6634005541B2 /* FriendsList */ = {
			isa = PBXGroup;
			children = (
				0759F758245C6676005541B2 /* Model */,
				0759F757245C6666005541B2 /* View */,
				0759F756245C665F005541B2 /* Controller */,
			);
			path = FriendsList;
			sourceTree = "<group>";
		};
		0759F756245C665F005541B2 /* Controller */ = {
			isa = PBXGroup;
			children = (
				0759F759245C6690005541B2 /* FriendsListController.swift */,
			);
			path = Controller;
			sourceTree = "<group>";
		};
		0759F757245C6666005541B2 /* View */ = {
			isa = PBXGroup;
			children = (
				07ACF9AF24604C3300C755EA /* FriendsListView.swift */,
				0746AFAC24607A55000223F8 /* FriendsTableViewCell.swift */,
			);
			path = View;
			sourceTree = "<group>";
		};
		0759F758245C6676005541B2 /* Model */ = {
			isa = PBXGroup;
			children = (
				0746AFAE24607B53000223F8 /* Friends.swift */,
			);
			path = Model;
			sourceTree = "<group>";
		};
		075DFAD2248D154C0068D77E /* CustomControlls */ = {
			isa = PBXGroup;
			children = (
				075DFAD3248D15770068D77E /* AvatarControll.swift */,
				075E301C245DBBB600FFA13B /* LoadingControll.swift */,
				075DFAD5248E10F80068D77E /* LikeControll.swift */,
				075DFAD7248E32400068D77E /* SharedControll.swift */,
			);
			path = CustomControlls;
			sourceTree = "<group>";
		};
		075DFAE5248E89D50068D77E /* MenuController */ = {
			isa = PBXGroup;
			children = (
				075DFAE7248E8DD80068D77E /* View */,
				075DFAE6248E8DD10068D77E /* Controller */,
			);
			path = MenuController;
			sourceTree = "<group>";
		};
		075DFAE6248E8DD10068D77E /* Controller */ = {
			isa = PBXGroup;
			children = (
				075DFAE1248E78FC0068D77E /* ContainerController.swift */,
				075DFAE3248E7ABC0068D77E /* MenuViewController.swift */,
			);
			path = Controller;
			sourceTree = "<group>";
		};
		075DFAE7248E8DD80068D77E /* View */ = {
			isa = PBXGroup;
			children = (
				075DFAE8248E8DEB0068D77E /* MenuView.swift */,
			);
			path = View;
			sourceTree = "<group>";
		};
		075E301B245DBBA000FFA13B /* Animations */ = {
			isa = PBXGroup;
			children = (
			);
			path = Animations;
			sourceTree = "<group>";
		};
		077C85532490F02E007199AC /* Resource */ = {
			isa = PBXGroup;
			children = (
				07B6765D245ADEB700EB5BBD /* Assets.xcassets */,
				07B6765F245ADEB700EB5BBD /* LaunchScreen.storyboard */,
				077C85562490F234007199AC /* localizable.strings */,
			);
			path = Resource;
			sourceTree = "<group>";
		};
		07ACF99D2460267900C755EA /* TabBar */ = {
			isa = PBXGroup;
			children = (
				071E870B2486684B0036A0E6 /* TabBarBuilder.swift */,
				075DFADF248E4C980068D77E /* TabBarController.swift */,
			);
			path = TabBar;
			sourceTree = "<group>";
		};
		07ACF9A02460291500C755EA /* GroupsList */ = {
			isa = PBXGroup;
			children = (
				07ACF9A32460292800C755EA /* Model */,
				07ACF9A22460292300C755EA /* View */,
				07ACF9A12460291D00C755EA /* Controller */,
			);
			path = GroupsList;
			sourceTree = "<group>";
		};
		07ACF9A12460291D00C755EA /* Controller */ = {
			isa = PBXGroup;
			children = (
				07ACF9A52460294900C755EA /* GroupsListController.swift */,
			);
			path = Controller;
			sourceTree = "<group>";
		};
		07ACF9A22460292300C755EA /* View */ = {
			isa = PBXGroup;
			children = (
				071E870D24866D2E0036A0E6 /* GroupListView.swift */,
				071E8711248679FC0036A0E6 /* GroupListCell.swift */,
			);
			path = View;
			sourceTree = "<group>";
		};
		07ACF9A32460292800C755EA /* Model */ = {
			isa = PBXGroup;
			children = (
				071E870F2486705F0036A0E6 /* Group.swift */,
			);
			path = Model;
			sourceTree = "<group>";
		};
		07ACF9A72460297100C755EA /* NewsList */ = {
			isa = PBXGroup;
			children = (
				07ACF9AA2460298900C755EA /* Model */,
				07ACF9A92460298300C755EA /* View */,
				07ACF9A82460297A00C755EA /* Controller */,
			);
			path = NewsList;
			sourceTree = "<group>";
		};
		07ACF9A82460297A00C755EA /* Controller */ = {
			isa = PBXGroup;
			children = (
				07ACF9AB2460299800C755EA /* NewsListController.swift */,
			);
			path = Controller;
			sourceTree = "<group>";
		};
		07ACF9A92460298300C755EA /* View */ = {
			isa = PBXGroup;
			children = (
				074C5CC4248696B500DFCC9A /* NewsListView.swift */,
				074C5CCA24869A9400DFCC9A /* NewsHeadCell.swift */,
				074C5CCC2486A3A600DFCC9A /* NewsImageContentCell.swift */,
				074C5CCE2486A56A00DFCC9A /* NewsShareCell.swift */,
			);
			path = View;
			sourceTree = "<group>";
		};
		07ACF9AA2460298900C755EA /* Model */ = {
			isa = PBXGroup;
			children = (
				07B286E7248BFD2000BD0FD6 /* News.swift */,
			);
			path = Model;
			sourceTree = "<group>";
		};
		07B67648245ADEB500EB5BBD = {
			isa = PBXGroup;
			children = (
				07B67653245ADEB500EB5BBD /* vkapp */,
				07B67652245ADEB500EB5BBD /* Products */,
				43AA678CC5BB08932CFFEC5D /* Pods */,
			);
			sourceTree = "<group>";
		};
		07B67652245ADEB500EB5BBD /* Products */ = {
			isa = PBXGroup;
			children = (
				07B67651245ADEB500EB5BBD /* VKApp.app */,
			);
			name = Products;
			sourceTree = "<group>";
		};
		07B67653245ADEB500EB5BBD /* vkapp */ = {
			isa = PBXGroup;
			children = (
				075DFAD2248D154C0068D77E /* CustomControlls */,
				07CF72EF248A45BF002A884F /* CustomCollectionViewLayout */,
				075E301B245DBBA000FFA13B /* Animations */,
				07B67679245C519600EB5BBD /* Services */,
				07B67676245B0F9300EB5BBD /* Models */,
				07B67668245ADEC900EB5BBD /* Core */,
				07B6766B245AE0BF00EB5BBD /* Flows */,
				077C85532490F02E007199AC /* Resource */,
				07B67662245ADEB700EB5BBD /* Info.plist */,
			);
			path = vkapp;
			sourceTree = "<group>";
		};
		07B67668245ADEC900EB5BBD /* Core */ = {
			isa = PBXGroup;
			children = (
				07B67654245ADEB500EB5BBD /* AppDelegate.swift */,
				07B67674245B050A00EB5BBD /* SceneDelegate.swift */,
				07B67669245ADF5F00EB5BBD /* AppManager.swift */,
				0759F751245C5DC3005541B2 /* UIViewController+Ext.swift */,
			);
			path = Core;
			sourceTree = "<group>";
		};
		07B6766B245AE0BF00EB5BBD /* Flows */ = {
			isa = PBXGroup;
			children = (
				075DFAE5248E89D50068D77E /* MenuController */,
				07ACF9A72460297100C755EA /* NewsList */,
				07ACF9A02460291500C755EA /* GroupsList */,
				07ACF99D2460267900C755EA /* TabBar */,
				07CF72F4248A896E002A884F /* FriendBigPhoto */,
				07CF72E32488AD69002A884F /* FriendDetail */,
				0759F755245C6634005541B2 /* FriendsList */,
				07B6766C245AE0D000EB5BBD /* LoginScreen */,
			);
			path = Flows;
			sourceTree = "<group>";
		};
		07B6766C245AE0D000EB5BBD /* LoginScreen */ = {
			isa = PBXGroup;
			children = (
				07B6766F245AE0E600EB5BBD /* Model */,
				07B6766E245AE0E100EB5BBD /* View */,
				07B6766D245AE0DA00EB5BBD /* Controller */,
			);
			path = LoginScreen;
			sourceTree = "<group>";
		};
		07B6766D245AE0DA00EB5BBD /* Controller */ = {
			isa = PBXGroup;
			children = (
				07B67670245AE10300EB5BBD /* LoginViewController.swift */,
			);
			path = Controller;
			sourceTree = "<group>";
		};
		07B6766E245AE0E100EB5BBD /* View */ = {
			isa = PBXGroup;
			children = (
				07B67672245AE11300EB5BBD /* LoginView.swift */,
			);
			path = View;
			sourceTree = "<group>";
		};
		07B6766F245AE0E600EB5BBD /* Model */ = {
			isa = PBXGroup;
			children = (
				07CF72FD248B5CD1002A884F /* TokenCheck.swift */,
			);
			path = Model;
			sourceTree = "<group>";
		};
		07B67676245B0F9300EB5BBD /* Models */ = {
			isa = PBXGroup;
			children = (
				07B67677245B0FA200EB5BBD /* ColorScheme.swift */,
				0759F753245C6181005541B2 /* AppSession.swift */,
			);
			path = Models;
			sourceTree = "<group>";
		};
		07B67679245C519600EB5BBD /* Services */ = {
			isa = PBXGroup;
			children = (
				07B6767A245C51A600EB5BBD /* VKService.swift */,
				07ACF9AD24602C1400C755EA /* NetworkService.swift */,
				07CF72FB248B44D2002A884F /* PhotoService.swift */,
				077C85512490DCB7007199AC /* KeychainService.swift */,
			);
			path = Services;
			sourceTree = "<group>";
		};
		07CF72E32488AD69002A884F /* FriendDetail */ = {
			isa = PBXGroup;
			children = (
				07CF72E62488AD8A002A884F /* Model */,
				07CF72E52488AD86002A884F /* View */,
				07CF72E42488AD7F002A884F /* Controller */,
			);
			path = FriendDetail;
			sourceTree = "<group>";
		};
		07CF72E42488AD7F002A884F /* Controller */ = {
			isa = PBXGroup;
			children = (
				07CF72E724893EE9002A884F /* FriendDetailController.swift */,
			);
			path = Controller;
			sourceTree = "<group>";
		};
		07CF72E52488AD86002A884F /* View */ = {
			isa = PBXGroup;
			children = (
				07CF72E924893F01002A884F /* FriendDetailView.swift */,
				07CF72EB248944B8002A884F /* FriendDetailCell.swift */,
			);
			path = View;
			sourceTree = "<group>";
		};
		07CF72E62488AD8A002A884F /* Model */ = {
			isa = PBXGroup;
			children = (
				07CF72ED24894A52002A884F /* Photo.swift */,
			);
			path = Model;
			sourceTree = "<group>";
		};
		07CF72EF248A45BF002A884F /* CustomCollectionViewLayout */ = {
			isa = PBXGroup;
			children = (
				07CF72F0248A45E8002A884F /* CustomCollectionViewLayout.swift */,
			);
			path = CustomCollectionViewLayout;
			sourceTree = "<group>";
		};
		07CF72F4248A896E002A884F /* FriendBigPhoto */ = {
			isa = PBXGroup;
			children = (
				07CF72F6248A898B002A884F /* View */,
				07CF72F5248A8982002A884F /* Controller */,
			);
			path = FriendBigPhoto;
			sourceTree = "<group>";
		};
		07CF72F5248A8982002A884F /* Controller */ = {
			isa = PBXGroup;
			children = (
				07CF72F7248A89BC002A884F /* FriendPhotoController.swift */,
			);
			path = Controller;
			sourceTree = "<group>";
		};
		07CF72F6248A898B002A884F /* View */ = {
			isa = PBXGroup;
			children = (
				07CF72F9248A89E4002A884F /* FriendPhotoView.swift */,
			);
			path = View;
			sourceTree = "<group>";
		};
		43AA678CC5BB08932CFFEC5D /* Pods */ = {
			isa = PBXGroup;
			children = (
			);
			path = Pods;
			sourceTree = "<group>";
		};
/* End PBXGroup section */

/* Begin PBXNativeTarget section */
		07B67650245ADEB500EB5BBD /* vkapp */ = {
			isa = PBXNativeTarget;
			buildConfigurationList = 07B67665245ADEB700EB5BBD /* Build configuration list for PBXNativeTarget "vkapp" */;
			buildPhases = (
				07B6764D245ADEB500EB5BBD /* Sources */,
				07B6764E245ADEB500EB5BBD /* Frameworks */,
				07B6764F245ADEB500EB5BBD /* Resources */,
			);
			buildRules = (
			);
			dependencies = (
			);
			name = vkapp;
			productName = vkapp;
			productReference = 07B67651245ADEB500EB5BBD /* VKApp.app */;
			productType = "com.apple.product-type.application";
		};
/* End PBXNativeTarget section */

/* Begin PBXProject section */
		07B67649245ADEB500EB5BBD /* Project object */ = {
			isa = PBXProject;
			attributes = {
				LastSwiftUpdateCheck = 1140;
				LastUpgradeCheck = 1140;
				ORGANIZATIONNAME = "Григорий Мартюшин";
				TargetAttributes = {
					07B67650245ADEB500EB5BBD = {
						CreatedOnToolsVersion = 11.4.1;
					};
				};
			};
			buildConfigurationList = 07B6764C245ADEB500EB5BBD /* Build configuration list for PBXProject "vkapp" */;
			compatibilityVersion = "Xcode 9.3";
			developmentRegion = en;
			hasScannedForEncodings = 0;
			knownRegions = (
				en,
				Base,
				ru,
			);
			mainGroup = 07B67648245ADEB500EB5BBD;
			productRefGroup = 07B67652245ADEB500EB5BBD /* Products */;
			projectDirPath = "";
			projectRoot = "";
			targets = (
				07B67650245ADEB500EB5BBD /* vkapp */,
			);
		};
/* End PBXProject section */

/* Begin PBXResourcesBuildPhase section */
		07B6764F245ADEB500EB5BBD /* Resources */ = {
			isa = PBXResourcesBuildPhase;
			buildActionMask = 2147483647;
			files = (
				077C85572490F234007199AC /* localizable.strings in Resources */,
				07B67661245ADEB700EB5BBD /* LaunchScreen.storyboard in Resources */,
				07B6765E245ADEB700EB5BBD /* Assets.xcassets in Resources */,
			);
			runOnlyForDeploymentPostprocessing = 0;
		};
/* End PBXResourcesBuildPhase section */

/* Begin PBXSourcesBuildPhase section */
		07B6764D245ADEB500EB5BBD /* Sources */ = {
			isa = PBXSourcesBuildPhase;
			buildActionMask = 2147483647;
			files = (
				0759F754245C6181005541B2 /* AppSession.swift in Sources */,
				0759F75A245C6690005541B2 /* FriendsListController.swift in Sources */,
				07ACF9B024604C3300C755EA /* FriendsListView.swift in Sources */,
				071E87102486705F0036A0E6 /* Group.swift in Sources */,
				075E301D245DBBB600FFA13B /* LoadingControll.swift in Sources */,
				07CF72E824893EE9002A884F /* FriendDetailController.swift in Sources */,
				07B67675245B050A00EB5BBD /* SceneDelegate.swift in Sources */,
				075DFAE9248E8DEB0068D77E /* MenuView.swift in Sources */,
				07ACF9AC2460299800C755EA /* NewsListController.swift in Sources */,
				0746AFAD24607A55000223F8 /* FriendsTableViewCell.swift in Sources */,
				077C85522490DCB7007199AC /* KeychainService.swift in Sources */,
				07B67673245AE11300EB5BBD /* LoginView.swift in Sources */,
				074C5CC5248696B500DFCC9A /* NewsListView.swift in Sources */,
				075DFAE2248E78FC0068D77E /* ContainerController.swift in Sources */,
				07B67655245ADEB500EB5BBD /* AppDelegate.swift in Sources */,
				075DFAE4248E7ABC0068D77E /* MenuViewController.swift in Sources */,
				07B67671245AE10300EB5BBD /* LoginViewController.swift in Sources */,
				07CF72FC248B44D2002A884F /* PhotoService.swift in Sources */,
				074C5CCB24869A9400DFCC9A /* NewsHeadCell.swift in Sources */,
				07ACF9A62460294900C755EA /* GroupsListController.swift in Sources */,
				07B67678245B0FA200EB5BBD /* ColorScheme.swift in Sources */,
				071E8712248679FC0036A0E6 /* GroupListCell.swift in Sources */,
				07ACF9AE24602C1400C755EA /* NetworkService.swift in Sources */,
				071E870C2486684B0036A0E6 /* TabBarBuilder.swift in Sources */,
				074C5CCD2486A3A600DFCC9A /* NewsImageContentCell.swift in Sources */,
				075DFAD8248E32400068D77E /* SharedControll.swift in Sources */,
				074C5CCF2486A56A00DFCC9A /* NewsShareCell.swift in Sources */,
				0746AFAF24607B53000223F8 /* Friends.swift in Sources */,
				07CF72F1248A45E8002A884F /* CustomCollectionViewLayout.swift in Sources */,
				07B6767B245C51A600EB5BBD /* VKService.swift in Sources */,
				07CF72EE24894A52002A884F /* Photo.swift in Sources */,
				075DFAE0248E4C980068D77E /* TabBarController.swift in Sources */,
				0759F752245C5DC4005541B2 /* UIViewController+Ext.swift in Sources */,
				07CF72FE248B5CD1002A884F /* TokenCheck.swift in Sources */,
				07CF72FA248A89E4002A884F /* FriendPhotoView.swift in Sources */,
				07B286E8248BFD2000BD0FD6 /* News.swift in Sources */,
				075DFAD4248D15770068D77E /* AvatarControll.swift in Sources */,
				071E870E24866D2E0036A0E6 /* GroupListView.swift in Sources */,
				07CF72F8248A89BC002A884F /* FriendPhotoController.swift in Sources */,
				075DFAD6248E10F80068D77E /* LikeControll.swift in Sources */,
				07CF72EC248944B8002A884F /* FriendDetailCell.swift in Sources */,
				07B6766A245ADF5F00EB5BBD /* AppManager.swift in Sources */,
				07CF72EA24893F01002A884F /* FriendDetailView.swift in Sources */,
			);
			runOnlyForDeploymentPostprocessing = 0;
		};
/* End PBXSourcesBuildPhase section */

/* Begin PBXVariantGroup section */
		07B6765F245ADEB700EB5BBD /* LaunchScreen.storyboard */ = {
			isa = PBXVariantGroup;
			children = (
				07B67660245ADEB700EB5BBD /* Base */,
				077C85552490F212007199AC /* ru */,
			);
			name = LaunchScreen.storyboard;
			sourceTree = "<group>";
		};
/* End PBXVariantGroup section */

/* Begin XCBuildConfiguration section */
		07B67663245ADEB700EB5BBD /* Debug */ = {
			isa = XCBuildConfiguration;
			buildSettings = {
				ALWAYS_SEARCH_USER_PATHS = NO;
				CLANG_ANALYZER_LOCALIZABILITY_NONLOCALIZED = YES;
				CLANG_ANALYZER_NONNULL = YES;
				CLANG_ANALYZER_NUMBER_OBJECT_CONVERSION = YES_AGGRESSIVE;
				CLANG_CXX_LANGUAGE_STANDARD = "gnu++14";
				CLANG_CXX_LIBRARY = "libc++";
				CLANG_ENABLE_MODULES = YES;
				CLANG_ENABLE_OBJC_ARC = YES;
				CLANG_ENABLE_OBJC_WEAK = YES;
				CLANG_WARN_BLOCK_CAPTURE_AUTORELEASING = YES;
				CLANG_WARN_BOOL_CONVERSION = YES;
				CLANG_WARN_COMMA = YES;
				CLANG_WARN_CONSTANT_CONVERSION = YES;
				CLANG_WARN_DEPRECATED_OBJC_IMPLEMENTATIONS = YES;
				CLANG_WARN_DIRECT_OBJC_ISA_USAGE = YES_ERROR;
				CLANG_WARN_DOCUMENTATION_COMMENTS = YES;
				CLANG_WARN_EMPTY_BODY = YES;
				CLANG_WARN_ENUM_CONVERSION = YES;
				CLANG_WARN_INFINITE_RECURSION = YES;
				CLANG_WARN_INT_CONVERSION = YES;
				CLANG_WARN_NON_LITERAL_NULL_CONVERSION = YES;
				CLANG_WARN_OBJC_IMPLICIT_RETAIN_SELF = YES;
				CLANG_WARN_OBJC_LITERAL_CONVERSION = YES;
				CLANG_WARN_OBJC_ROOT_CLASS = YES_ERROR;
				CLANG_WARN_RANGE_LOOP_ANALYSIS = YES;
				CLANG_WARN_STRICT_PROTOTYPES = YES;
				CLANG_WARN_SUSPICIOUS_MOVE = YES;
				CLANG_WARN_UNGUARDED_AVAILABILITY = YES_AGGRESSIVE;
				CLANG_WARN_UNREACHABLE_CODE = YES;
				CLANG_WARN__DUPLICATE_METHOD_MATCH = YES;
				COPY_PHASE_STRIP = NO;
				DEBUG_INFORMATION_FORMAT = dwarf;
				ENABLE_STRICT_OBJC_MSGSEND = YES;
				ENABLE_TESTABILITY = YES;
				GCC_C_LANGUAGE_STANDARD = gnu11;
				GCC_DYNAMIC_NO_PIC = NO;
				GCC_NO_COMMON_BLOCKS = YES;
				GCC_OPTIMIZATION_LEVEL = 0;
				GCC_PREPROCESSOR_DEFINITIONS = (
					"DEBUG=1",
					"$(inherited)",
				);
				GCC_WARN_64_TO_32_BIT_CONVERSION = YES;
				GCC_WARN_ABOUT_RETURN_TYPE = YES_ERROR;
				GCC_WARN_UNDECLARED_SELECTOR = YES;
				GCC_WARN_UNINITIALIZED_AUTOS = YES_AGGRESSIVE;
				GCC_WARN_UNUSED_FUNCTION = YES;
				GCC_WARN_UNUSED_VARIABLE = YES;
				IPHONEOS_DEPLOYMENT_TARGET = 13.0;
				MTL_ENABLE_DEBUG_INFO = INCLUDE_SOURCE;
				MTL_FAST_MATH = YES;
				ONLY_ACTIVE_ARCH = YES;
				SDKROOT = iphoneos;
				SWIFT_ACTIVE_COMPILATION_CONDITIONS = DEBUG;
				SWIFT_OPTIMIZATION_LEVEL = "-Onone";
			};
			name = Debug;
		};
		07B67664245ADEB700EB5BBD /* Release */ = {
			isa = XCBuildConfiguration;
			buildSettings = {
				ALWAYS_SEARCH_USER_PATHS = NO;
				CLANG_ANALYZER_LOCALIZABILITY_NONLOCALIZED = YES;
				CLANG_ANALYZER_NONNULL = YES;
				CLANG_ANALYZER_NUMBER_OBJECT_CONVERSION = YES_AGGRESSIVE;
				CLANG_CXX_LANGUAGE_STANDARD = "gnu++14";
				CLANG_CXX_LIBRARY = "libc++";
				CLANG_ENABLE_MODULES = YES;
				CLANG_ENABLE_OBJC_ARC = YES;
				CLANG_ENABLE_OBJC_WEAK = YES;
				CLANG_WARN_BLOCK_CAPTURE_AUTORELEASING = YES;
				CLANG_WARN_BOOL_CONVERSION = YES;
				CLANG_WARN_COMMA = YES;
				CLANG_WARN_CONSTANT_CONVERSION = YES;
				CLANG_WARN_DEPRECATED_OBJC_IMPLEMENTATIONS = YES;
				CLANG_WARN_DIRECT_OBJC_ISA_USAGE = YES_ERROR;
				CLANG_WARN_DOCUMENTATION_COMMENTS = YES;
				CLANG_WARN_EMPTY_BODY = YES;
				CLANG_WARN_ENUM_CONVERSION = YES;
				CLANG_WARN_INFINITE_RECURSION = YES;
				CLANG_WARN_INT_CONVERSION = YES;
				CLANG_WARN_NON_LITERAL_NULL_CONVERSION = YES;
				CLANG_WARN_OBJC_IMPLICIT_RETAIN_SELF = YES;
				CLANG_WARN_OBJC_LITERAL_CONVERSION = YES;
				CLANG_WARN_OBJC_ROOT_CLASS = YES_ERROR;
				CLANG_WARN_RANGE_LOOP_ANALYSIS = YES;
				CLANG_WARN_STRICT_PROTOTYPES = YES;
				CLANG_WARN_SUSPICIOUS_MOVE = YES;
				CLANG_WARN_UNGUARDED_AVAILABILITY = YES_AGGRESSIVE;
				CLANG_WARN_UNREACHABLE_CODE = YES;
				CLANG_WARN__DUPLICATE_METHOD_MATCH = YES;
				COPY_PHASE_STRIP = NO;
				DEBUG_INFORMATION_FORMAT = "dwarf-with-dsym";
				ENABLE_NS_ASSERTIONS = NO;
				ENABLE_STRICT_OBJC_MSGSEND = YES;
				GCC_C_LANGUAGE_STANDARD = gnu11;
				GCC_NO_COMMON_BLOCKS = YES;
				GCC_WARN_64_TO_32_BIT_CONVERSION = YES;
				GCC_WARN_ABOUT_RETURN_TYPE = YES_ERROR;
				GCC_WARN_UNDECLARED_SELECTOR = YES;
				GCC_WARN_UNINITIALIZED_AUTOS = YES_AGGRESSIVE;
				GCC_WARN_UNUSED_FUNCTION = YES;
				GCC_WARN_UNUSED_VARIABLE = YES;
				IPHONEOS_DEPLOYMENT_TARGET = 13.0;
				MTL_ENABLE_DEBUG_INFO = NO;
				MTL_FAST_MATH = YES;
				SDKROOT = iphoneos;
				SWIFT_COMPILATION_MODE = wholemodule;
				SWIFT_OPTIMIZATION_LEVEL = "-O";
				VALIDATE_PRODUCT = YES;
			};
			name = Release;
		};
		07B67666245ADEB700EB5BBD /* Debug */ = {
			isa = XCBuildConfiguration;
			buildSettings = {
				ASSETCATALOG_COMPILER_APPICON_NAME = AppIcon;
				CODE_SIGN_IDENTITY = "Apple Development";
				CODE_SIGN_STYLE = Automatic;
				CURRENT_PROJECT_VERSION = 3;
				DEVELOPMENT_TEAM = 4GGD352K79;
				INFOPLIST_FILE = vkapp/Info.plist;
				LD_RUNPATH_SEARCH_PATHS = (
					"$(inherited)",
					"@executable_path/Frameworks",
				);
				MARKETING_VERSION = 1.0.1;
				PRODUCT_BUNDLE_IDENTIFIER = im.mga.vkapp;
				PRODUCT_NAME = VKApp;
				PROVISIONING_PROFILE_SPECIFIER = "";
				SWIFT_VERSION = 5.0;
				TARGETED_DEVICE_FAMILY = "1,2";
			};
			name = Debug;
		};
		07B67667245ADEB700EB5BBD /* Release */ = {
			isa = XCBuildConfiguration;
			buildSettings = {
				ASSETCATALOG_COMPILER_APPICON_NAME = AppIcon;
				CODE_SIGN_IDENTITY = "Apple Development";
				CODE_SIGN_STYLE = Automatic;
				CURRENT_PROJECT_VERSION = 3;
				DEVELOPMENT_TEAM = 4GGD352K79;
				INFOPLIST_FILE = vkapp/Info.plist;
				LD_RUNPATH_SEARCH_PATHS = (
					"$(inherited)",
					"@executable_path/Frameworks",
				);
				MARKETING_VERSION = 1.0.1;
				PRODUCT_BUNDLE_IDENTIFIER = im.mga.vkapp;
				PRODUCT_NAME = VKApp;
				PROVISIONING_PROFILE_SPECIFIER = "";
				SWIFT_VERSION = 5.0;
				TARGETED_DEVICE_FAMILY = "1,2";
			};
			name = Release;
		};
/* End XCBuildConfiguration section */

/* Begin XCConfigurationList section */
		07B6764C245ADEB500EB5BBD /* Build configuration list for PBXProject "vkapp" */ = {
			isa = XCConfigurationList;
			buildConfigurations = (
				07B67663245ADEB700EB5BBD /* Debug */,
				07B67664245ADEB700EB5BBD /* Release */,
			);
			defaultConfigurationIsVisible = 0;
			defaultConfigurationName = Debug;
		};
		07B67665245ADEB700EB5BBD /* Build configuration list for PBXNativeTarget "vkapp" */ = {
			isa = XCConfigurationList;
			buildConfigurations = (
				07B67666245ADEB700EB5BBD /* Debug */,
				07B67667245ADEB700EB5BBD /* Release */,
			);
			defaultConfigurationIsVisible = 0;
			defaultConfigurationName = Debug;
		};
/* End XCConfigurationList section */
	};
	rootObject = 07B67649245ADEB500EB5BBD /* Project object */;
}
